// !$*UTF8*$!
{
	archiveVersion = 1;
	classes = {
	};
	objectVersion = 56;
	objects = {

/* Begin PBXBuildFile section */
		006E63872CE8818300CF2F45 /* HomeSection.swift in Sources */ = {isa = PBXBuildFile; fileRef = 006E63862CE8818300CF2F45 /* HomeSection.swift */; };
		00839A0D2CD7C3850024337F /* Secrets.plist in Resources */ = {isa = PBXBuildFile; fileRef = 00839A0C2CD7C3850024337F /* Secrets.plist */; };
		00839A0F2CD7C3B10024337F /* APIKeys.swift in Sources */ = {isa = PBXBuildFile; fileRef = 00839A0E2CD7C3B10024337F /* APIKeys.swift */; };
		00839A162CD7C6640024337F /* SocialLoginRouter.swift in Sources */ = {isa = PBXBuildFile; fileRef = 00839A152CD7C6640024337F /* SocialLoginRouter.swift */; };
		00839A1C2CD7C8050024337F /* CleanNetworkManager.swift in Sources */ = {isa = PBXBuildFile; fileRef = 00839A1B2CD7C8050024337F /* CleanNetworkManager.swift */; };
		00839A1F2CD7C82F0024337F /* RxMoya in Frameworks */ = {isa = PBXBuildFile; productRef = 00839A1E2CD7C82F0024337F /* RxMoya */; };
		00839A212CD7C8420024337F /* LoginRouter.swift in Sources */ = {isa = PBXBuildFile; fileRef = 00839A202CD7C8420024337F /* LoginRouter.swift */; };
		00839A242CD7C94A0024337F /* LoginRepository.swift in Sources */ = {isa = PBXBuildFile; fileRef = 00839A232CD7C94A0024337F /* LoginRepository.swift */; };
		00839A262CD7C95A0024337F /* LoginUsecase.swift in Sources */ = {isa = PBXBuildFile; fileRef = 00839A252CD7C95A0024337F /* LoginUsecase.swift */; };
		009D0E8A2CDBAFAB007D70C2 /* DTOType.swift in Sources */ = {isa = PBXBuildFile; fileRef = 009D0E892CDBAFAB007D70C2 /* DTOType.swift */; };
		009D0E8C2CDBB049007D70C2 /* SocialLoginDTO.swift in Sources */ = {isa = PBXBuildFile; fileRef = 009D0E8B2CDBB049007D70C2 /* SocialLoginDTO.swift */; };
		009D0E902CDBC2BD007D70C2 /* RefreshedTokenDTO.swift in Sources */ = {isa = PBXBuildFile; fileRef = 009D0E8F2CDBC2BD007D70C2 /* RefreshedTokenDTO.swift */; };
		009E02942CEB76E30093EFBF /* MyKeywordsHeader.swift in Sources */ = {isa = PBXBuildFile; fileRef = 009E02932CEB76E30093EFBF /* MyKeywordsHeader.swift */; };
		00B683932CE1F640005110D2 /* HomeViewController.swift in Sources */ = {isa = PBXBuildFile; fileRef = 00B683922CE1F640005110D2 /* HomeViewController.swift */; };
		00B683962CE1F6B9005110D2 /* PinLayout in Frameworks */ = {isa = PBXBuildFile; productRef = 00B683952CE1F6B9005110D2 /* PinLayout */; };
		00B683992CE1F6E9005110D2 /* FlexLayout in Frameworks */ = {isa = PBXBuildFile; productRef = 00B683982CE1F6E9005110D2 /* FlexLayout */; };
		00B6839C2CE1F771005110D2 /* SnapKit in Frameworks */ = {isa = PBXBuildFile; productRef = 00B6839B2CE1F771005110D2 /* SnapKit */; };
		00B683A62CE1F90B005110D2 /* HomeViewModel.swift in Sources */ = {isa = PBXBuildFile; fileRef = 00B683A52CE1F90B005110D2 /* HomeViewModel.swift */; };
		00C2A5142CE333E500EFF471 /* Differentiator in Frameworks */ = {isa = PBXBuildFile; productRef = 00C2A5132CE333E500EFF471 /* Differentiator */; };
		00C2A5162CE333E500EFF471 /* RxDataSources in Frameworks */ = {isa = PBXBuildFile; productRef = 00C2A5152CE333E500EFF471 /* RxDataSources */; };
		00C2A51A2CE3389200EFF471 /* HotPolicyCollectionViewCell.swift in Sources */ = {isa = PBXBuildFile; fileRef = 00C2A5192CE3389200EFF471 /* HotPolicyCollectionViewCell.swift */; };
		00C2A51F2CE3601200EFF471 /* MyKeywordsCollectionViewCell.swift in Sources */ = {isa = PBXBuildFile; fileRef = 00C2A51E2CE3601200EFF471 /* MyKeywordsCollectionViewCell.swift */; };
		00C2A5212CE3607300EFF471 /* UICollectionViewCell+Ext.swift in Sources */ = {isa = PBXBuildFile; fileRef = 00C2A5202CE3607300EFF471 /* UICollectionViewCell+Ext.swift */; };
		00C2A5232CE360EF00EFF471 /* PolicyRecommendationCollectionViewCell.swift in Sources */ = {isa = PBXBuildFile; fileRef = 00C2A5222CE360EF00EFF471 /* PolicyRecommendationCollectionViewCell.swift */; };
		00C2A5252CE3610400EFF471 /* CommunityCollectionViewCell.swift in Sources */ = {isa = PBXBuildFile; fileRef = 00C2A5242CE3610400EFF471 /* CommunityCollectionViewCell.swift */; };
		00C2A5282CE396B400EFF471 /* HotPolicyHeader.swift in Sources */ = {isa = PBXBuildFile; fileRef = 00C2A5272CE396B400EFF471 /* HotPolicyHeader.swift */; };
		00C2A52A2CE3973800EFF471 /* PolicyRecommendationHeader.swift in Sources */ = {isa = PBXBuildFile; fileRef = 00C2A5292CE3973800EFF471 /* PolicyRecommendationHeader.swift */; };
		00C2A52C2CE3974D00EFF471 /* CommunityHeader.swift in Sources */ = {isa = PBXBuildFile; fileRef = 00C2A52B2CE3974D00EFF471 /* CommunityHeader.swift */; };
		00DB008D2CDB52170012B2B1 /* ProfileRouter.swift in Sources */ = {isa = PBXBuildFile; fileRef = 00DB008C2CDB52170012B2B1 /* ProfileRouter.swift */; };
		00DB008F2CDB5A0B0012B2B1 /* BaseTargetType.swift in Sources */ = {isa = PBXBuildFile; fileRef = 00DB008E2CDB5A0B0012B2B1 /* BaseTargetType.swift */; };
		00DE3F442CDCD1E000CAC3D8 /* ProfileDTO.swift in Sources */ = {isa = PBXBuildFile; fileRef = 00DE3F432CDCD1E000CAC3D8 /* ProfileDTO.swift */; };
		00DE3F462CDCD38100CAC3D8 /* ProfileRepository.swift in Sources */ = {isa = PBXBuildFile; fileRef = 00DE3F452CDCD38100CAC3D8 /* ProfileRepository.swift */; };
		00DE3F482CDCD73200CAC3D8 /* ProfileUsecase.swift in Sources */ = {isa = PBXBuildFile; fileRef = 00DE3F472CDCD73200CAC3D8 /* ProfileUsecase.swift */; };
		00DE3F4A2CDCD91F00CAC3D8 /* AppViewModel.swift in Sources */ = {isa = PBXBuildFile; fileRef = 00DE3F492CDCD91F00CAC3D8 /* AppViewModel.swift */; };
		00DE3F4C2CDCDA2A00CAC3D8 /* ViewModelType.swift in Sources */ = {isa = PBXBuildFile; fileRef = 00DE3F4B2CDCDA2A00CAC3D8 /* ViewModelType.swift */; };
		6303235D2BAC636700B16E7C /* PostManager.swift in Sources */ = {isa = PBXBuildFile; fileRef = 6303235C2BAC636700B16E7C /* PostManager.swift */; };
		630323632BB5590000B16E7C /* ForumPostViewCell.swift in Sources */ = {isa = PBXBuildFile; fileRef = 630323622BB5590000B16E7C /* ForumPostViewCell.swift */; };
		630323672BBAD26200B16E7C /* ForumCategoryView.swift in Sources */ = {isa = PBXBuildFile; fileRef = 630323662BBAD26200B16E7C /* ForumCategoryView.swift */; };
		6303236F2BC7D61100B16E7C /* ForumDetailViewController.swift in Sources */ = {isa = PBXBuildFile; fileRef = 6303236E2BC7D61100B16E7C /* ForumDetailViewController.swift */; };
		630323712BC7D66500B16E7C /* ForumDetailCell.swift in Sources */ = {isa = PBXBuildFile; fileRef = 630323702BC7D66500B16E7C /* ForumDetailCell.swift */; };
		630323732BC7D68200B16E7C /* ImageDetailCollectionViewCell.swift in Sources */ = {isa = PBXBuildFile; fileRef = 630323722BC7D68200B16E7C /* ImageDetailCollectionViewCell.swift */; };
		630EA2002BA0039300F04ED3 /* GoogleSignError.swift in Sources */ = {isa = PBXBuildFile; fileRef = 630EA1FF2BA0039300F04ED3 /* GoogleSignError.swift */; };
		630EA20D2BA0243800F04ED3 /* SignAuthDTO.swift in Sources */ = {isa = PBXBuildFile; fileRef = 630EA20C2BA0243800F04ED3 /* SignAuthDTO.swift */; };
		630EA20F2BA0277800F04ED3 /* SignRepository.swift in Sources */ = {isa = PBXBuildFile; fileRef = 630EA20E2BA0277800F04ED3 /* SignRepository.swift */; };
		633F8E222B9AC37500B92ADC /* KeychainManager.swift in Sources */ = {isa = PBXBuildFile; fileRef = 633F8E212B9AC37500B92ADC /* KeychainManager.swift */; };
		635BCBA92BA3521F00F0DCBC /* SocialLoginViewModel.swift in Sources */ = {isa = PBXBuildFile; fileRef = 635BCBA82BA3521F00F0DCBC /* SocialLoginViewModel.swift */; };
		635BCBAE2BA7E72A00F0DCBC /* PostViewController.swift in Sources */ = {isa = PBXBuildFile; fileRef = 635BCBAD2BA7E72A00F0DCBC /* PostViewController.swift */; };
		635BCBB02BA80C7300F0DCBC /* PostNavigationBarView.swift in Sources */ = {isa = PBXBuildFile; fileRef = 635BCBAF2BA80C7300F0DCBC /* PostNavigationBarView.swift */; };
		635BCBB32BA94F6600F0DCBC /* CategoryViewCell.swift in Sources */ = {isa = PBXBuildFile; fileRef = 635BCBB22BA94F6600F0DCBC /* CategoryViewCell.swift */; };
		635BCBB52BA952C600F0DCBC /* TitleCell.swift in Sources */ = {isa = PBXBuildFile; fileRef = 635BCBB42BA952C600F0DCBC /* TitleCell.swift */; };
		635BCBB72BA952F000F0DCBC /* DescriptionCell.swift in Sources */ = {isa = PBXBuildFile; fileRef = 635BCBB62BA952F000F0DCBC /* DescriptionCell.swift */; };
		6377F69D2BA06324006CAB26 /* SignRepositoryError.swift in Sources */ = {isa = PBXBuildFile; fileRef = 6377F69C2BA06324006CAB26 /* SignRepositoryError.swift */; };
		63C52F972BA962590072DE18 /* PostPhotoView.swift in Sources */ = {isa = PBXBuildFile; fileRef = 63C52F962BA962590072DE18 /* PostPhotoView.swift */; };
		63C52F992BA97FB40072DE18 /* CategorySelectViewController.swift in Sources */ = {isa = PBXBuildFile; fileRef = 63C52F982BA97FB40072DE18 /* CategorySelectViewController.swift */; };
		63C52F9B2BA9B80D0072DE18 /* PostModel.swift in Sources */ = {isa = PBXBuildFile; fileRef = 63C52F9A2BA9B80D0072DE18 /* PostModel.swift */; };
		63C52F9D2BA9B83F0072DE18 /* PostViewModel.swift in Sources */ = {isa = PBXBuildFile; fileRef = 63C52F9C2BA9B83F0072DE18 /* PostViewModel.swift */; };
		F61B51602BEB799000812C8D /* YouthListCell.swift in Sources */ = {isa = PBXBuildFile; fileRef = F61B515F2BEB799000812C8D /* YouthListCell.swift */; };
		F61B51622BECF5B400812C8D /* YouthPolicyViewModel.swift in Sources */ = {isa = PBXBuildFile; fileRef = F61B51612BECF5B400812C8D /* YouthPolicyViewModel.swift */; };
		F6394B9D2C301F9E0092FFB5 /* TermsViewController.swift in Sources */ = {isa = PBXBuildFile; fileRef = F6394B9C2C301F9E0092FFB5 /* TermsViewController.swift */; };
		F65040A22C20750C00B14D84 /* PostDTO.swift in Sources */ = {isa = PBXBuildFile; fileRef = F65040A12C20750C00B14D84 /* PostDTO.swift */; };
		F65040A42C20759A00B14D84 /* SearchDataDTO.swift in Sources */ = {isa = PBXBuildFile; fileRef = F65040A32C20759A00B14D84 /* SearchDataDTO.swift */; };
		F65040A72C2075E000B14D84 /* ServerAPIError.swift in Sources */ = {isa = PBXBuildFile; fileRef = F65040A62C2075E000B14D84 /* ServerAPIError.swift */; };
		F65040A92C20816900B14D84 /* PostType.swift in Sources */ = {isa = PBXBuildFile; fileRef = F65040A82C20816900B14D84 /* PostType.swift */; };
		F65040AB2C20818C00B14D84 /* ReportMessage.swift in Sources */ = {isa = PBXBuildFile; fileRef = F65040AA2C20818C00B14D84 /* ReportMessage.swift */; };
		F65040AE2C208EAC00B14D84 /* ProfileEditViewModel.swift in Sources */ = {isa = PBXBuildFile; fileRef = F65040AC2C208EAC00B14D84 /* ProfileEditViewModel.swift */; };
		F65040AF2C208EAC00B14D84 /* ProfileEditViewController.swift in Sources */ = {isa = PBXBuildFile; fileRef = F65040AD2C208EAC00B14D84 /* ProfileEditViewController.swift */; };
		F65040B32C208F1700B14D84 /* CustomActionSheetViewController.swift in Sources */ = {isa = PBXBuildFile; fileRef = F65040B22C208F1700B14D84 /* CustomActionSheetViewController.swift */; };
		F65E1ECF2BAC086D00326EF7 /* LoginNickNameViewController.swift in Sources */ = {isa = PBXBuildFile; fileRef = F65E1ECE2BAC086D00326EF7 /* LoginNickNameViewController.swift */; };
		F65FFA8F2C04C3D3009A6FB3 /* YouthDetailViewController.swift in Sources */ = {isa = PBXBuildFile; fileRef = F65FFA8E2C04C3D3009A6FB3 /* YouthDetailViewController.swift */; };
		F65FFA912C04C71C009A6FB3 /* YouthDetailHeaderView.swift in Sources */ = {isa = PBXBuildFile; fileRef = F65FFA902C04C71C009A6FB3 /* YouthDetailHeaderView.swift */; };
		F65FFA932C05CEC3009A6FB3 /* YouthDetailCell.swift in Sources */ = {isa = PBXBuildFile; fileRef = F65FFA922C05CEC3009A6FB3 /* YouthDetailCell.swift */; };
		F65FFA952C074904009A6FB3 /* YouthDetailTableView.swift in Sources */ = {isa = PBXBuildFile; fileRef = F65FFA942C074904009A6FB3 /* YouthDetailTableView.swift */; };
		F65FFA972C074914009A6FB3 /* YouthDetailTableViewController.swift in Sources */ = {isa = PBXBuildFile; fileRef = F65FFA962C074914009A6FB3 /* YouthDetailTableViewController.swift */; };
		F65FFA992C075F1B009A6FB3 /* YouthDetailViewControllerWithTableView.swift in Sources */ = {isa = PBXBuildFile; fileRef = F65FFA982C075F1B009A6FB3 /* YouthDetailViewControllerWithTableView.swift */; };
		F65FFA9B2C075FAA009A6FB3 /* YouthDetailContentView.swift in Sources */ = {isa = PBXBuildFile; fileRef = F65FFA9A2C075FAA009A6FB3 /* YouthDetailContentView.swift */; };
		F667FD882BAC2287005AAAB7 /* CustomPhotoAlbumDetailViewController.swift in Sources */ = {isa = PBXBuildFile; fileRef = F667FD862BAC2287005AAAB7 /* CustomPhotoAlbumDetailViewController.swift */; };
		F667FD892BAC2287005AAAB7 /* AlbumDetailCell.swift in Sources */ = {isa = PBXBuildFile; fileRef = F667FD872BAC2287005AAAB7 /* AlbumDetailCell.swift */; };
		F66959652C3F4E2600644DE9 /* WebViewAssistantViewController.swift in Sources */ = {isa = PBXBuildFile; fileRef = F66959642C3F4E2600644DE9 /* WebViewAssistantViewController.swift */; };
		F66C98222BA1F5AD001E121C /* MainTabBarController.swift in Sources */ = {isa = PBXBuildFile; fileRef = F66C98212BA1F5AD001E121C /* MainTabBarController.swift */; };
		F671A9BB2BA00D4A002808DA /* Bundle+.swift in Sources */ = {isa = PBXBuildFile; fileRef = F671A9BA2BA00D4A002808DA /* Bundle+.swift */; };
		F671A9C42BA00FBA002808DA /* NetworkManager.swift in Sources */ = {isa = PBXBuildFile; fileRef = F671A9C32BA00FBA002808DA /* NetworkManager.swift */; };
		F671A9C62BA00FD7002808DA /* EndPoint.swift in Sources */ = {isa = PBXBuildFile; fileRef = F671A9C52BA00FD7002808DA /* EndPoint.swift */; };
		F671A9C82BA0173E002808DA /* HTTPMethod.swift in Sources */ = {isa = PBXBuildFile; fileRef = F671A9C72BA0173E002808DA /* HTTPMethod.swift */; };
		F671A9CA2BA0174E002808DA /* NetworkError.swift in Sources */ = {isa = PBXBuildFile; fileRef = F671A9C92BA0174E002808DA /* NetworkError.swift */; };
		F671A9CD2BA059DB002808DA /* Const.swift in Sources */ = {isa = PBXBuildFile; fileRef = F671A9CC2BA059DB002808DA /* Const.swift */; };
		F672505D2BD9082D002C5835 /* YouthCenterRepository.swift in Sources */ = {isa = PBXBuildFile; fileRef = F672505C2BD9082D002C5835 /* YouthCenterRepository.swift */; };
		F674DDDF2BADB17A00536AA7 /* String+.swift in Sources */ = {isa = PBXBuildFile; fileRef = F674DDDE2BADB17A00536AA7 /* String+.swift */; };
		F67A64C02C60DC88009572CE /* ExampleViewController.swift in Sources */ = {isa = PBXBuildFile; fileRef = F67A64BF2C60DC88009572CE /* ExampleViewController.swift */; };
		F67A64C22C60DD12009572CE /* ExampleViewModel.swift in Sources */ = {isa = PBXBuildFile; fileRef = F67A64C12C60DD12009572CE /* ExampleViewModel.swift */; };
		F6833FAB2BFC70700099F1DA /* YouthFilterViewController.swift in Sources */ = {isa = PBXBuildFile; fileRef = F6833FAA2BFC70700099F1DA /* YouthFilterViewController.swift */; };
		F6833FAD2BFC708D0099F1DA /* YouthFilterViewModel.swift in Sources */ = {isa = PBXBuildFile; fileRef = F6833FAC2BFC708D0099F1DA /* YouthFilterViewModel.swift */; };
		F6833FF32BFDC3B30099F1DA /* YouthFilterCustomCell.swift in Sources */ = {isa = PBXBuildFile; fileRef = F6833FF22BFDC3B30099F1DA /* YouthFilterCustomCell.swift */; };
		F6833FF52BFDC4150099F1DA /* YouthFilterFooterView.swift in Sources */ = {isa = PBXBuildFile; fileRef = F6833FF42BFDC4150099F1DA /* YouthFilterFooterView.swift */; };
		F6833FF72BFE24130099F1DA /* YouthFilterHeaderView.swift in Sources */ = {isa = PBXBuildFile; fileRef = F6833FF62BFE24130099F1DA /* YouthFilterHeaderView.swift */; };
		F6833FF92C00ACB10099F1DA /* YouthFilterData.swift in Sources */ = {isa = PBXBuildFile; fileRef = F6833FF82C00ACB10099F1DA /* YouthFilterData.swift */; };
		F68657422BB415A400821281 /* CustomActionSheetPresentationController.swift in Sources */ = {isa = PBXBuildFile; fileRef = F68657412BB415A400821281 /* CustomActionSheetPresentationController.swift */; };
		F68657442BB415DC00821281 /* CustomActionSheetTransitioningDelegate.swift in Sources */ = {isa = PBXBuildFile; fileRef = F68657432BB415DC00821281 /* CustomActionSheetTransitioningDelegate.swift */; };
		F68719B12BA8635C0049B182 /* CustomPhotoAlbumViewController.swift in Sources */ = {isa = PBXBuildFile; fileRef = F68719B02BA8635C0049B182 /* CustomPhotoAlbumViewController.swift */; };
		F68719B32BA867FE0049B182 /* UICollectionViewLayout+.swift in Sources */ = {isa = PBXBuildFile; fileRef = F68719B22BA867FE0049B182 /* UICollectionViewLayout+.swift */; };
		F68719B62BA8707D0049B182 /* CustomAlbumCell.swift in Sources */ = {isa = PBXBuildFile; fileRef = F68719B52BA8707D0049B182 /* CustomAlbumCell.swift */; };
		F68C9D122BA2DB39008CB7E4 /* RxCocoa in Frameworks */ = {isa = PBXBuildFile; productRef = F68C9D112BA2DB39008CB7E4 /* RxCocoa */; };
		F68C9D142BA2DB39008CB7E4 /* RxSwift in Frameworks */ = {isa = PBXBuildFile; productRef = F68C9D132BA2DB39008CB7E4 /* RxSwift */; };
		F68C9D1C2BA2DE87008CB7E4 /* YouthPolicyViewController.swift in Sources */ = {isa = PBXBuildFile; fileRef = F68C9D1B2BA2DE87008CB7E4 /* YouthPolicyViewController.swift */; };
		F68C9D1E2BA2DE93008CB7E4 /* ForumViewController.swift in Sources */ = {isa = PBXBuildFile; fileRef = F68C9D1D2BA2DE93008CB7E4 /* ForumViewController.swift */; };
		F68C9D222BA2DEAD008CB7E4 /* MyPageViewController.swift in Sources */ = {isa = PBXBuildFile; fileRef = F68C9D212BA2DEAD008CB7E4 /* MyPageViewController.swift */; };
		F68C9D242BA2DEDB008CB7E4 /* SocialLoginViewController.swift in Sources */ = {isa = PBXBuildFile; fileRef = F68C9D232BA2DEDB008CB7E4 /* SocialLoginViewController.swift */; };
		F68C9D292BA2FFA0008CB7E4 /* LoginNickNameViewModel.swift in Sources */ = {isa = PBXBuildFile; fileRef = F68C9D282BA2FFA0008CB7E4 /* LoginNickNameViewModel.swift */; };
		F68C9D6E2BA5E291008CB7E4 /* ToastMessageView.swift in Sources */ = {isa = PBXBuildFile; fileRef = F68C9D6D2BA5E291008CB7E4 /* ToastMessageView.swift */; };
		F69011DD2BB4685C009A8087 /* CustomAlertSheetViewController.swift in Sources */ = {isa = PBXBuildFile; fileRef = F69011DC2BB4685C009A8087 /* CustomAlertSheetViewController.swift */; };
		F69011DF2BB5A9B2009A8087 /* CustomAlertSheetView.swift in Sources */ = {isa = PBXBuildFile; fileRef = F69011DE2BB5A9B2009A8087 /* CustomAlertSheetView.swift */; };
		F69011E12BB6D352009A8087 /* MultipartFormData.swift in Sources */ = {isa = PBXBuildFile; fileRef = F69011E02BB6D352009A8087 /* MultipartFormData.swift */; };
		F69011E32BB6D91E009A8087 /* MyPageViewModel.swift in Sources */ = {isa = PBXBuildFile; fileRef = F69011E22BB6D91E009A8087 /* MyPageViewModel.swift */; };
		F697444F2BB08AD6006683AF /* Data+.swift in Sources */ = {isa = PBXBuildFile; fileRef = F697444E2BB08AD6006683AF /* Data+.swift */; };
		F69B80072B996846002675CE /* AppDelegate.swift in Sources */ = {isa = PBXBuildFile; fileRef = F69B80062B996846002675CE /* AppDelegate.swift */; };
		F69B80092B996846002675CE /* SceneDelegate.swift in Sources */ = {isa = PBXBuildFile; fileRef = F69B80082B996846002675CE /* SceneDelegate.swift */; };
		F69B800B2B996846002675CE /* ViewController.swift in Sources */ = {isa = PBXBuildFile; fileRef = F69B800A2B996846002675CE /* ViewController.swift */; };
		F69B80102B996847002675CE /* Assets.xcassets in Resources */ = {isa = PBXBuildFile; fileRef = F69B800F2B996847002675CE /* Assets.xcassets */; };
		F69B80132B996847002675CE /* LaunchScreen.storyboard in Resources */ = {isa = PBXBuildFile; fileRef = F69B80112B996847002675CE /* LaunchScreen.storyboard */; };
		F69B80432B9A09FB002675CE /* GoogleSignIn in Frameworks */ = {isa = PBXBuildFile; productRef = F69B80422B9A09FB002675CE /* GoogleSignIn */; };
		F69B80452B9A09FB002675CE /* GoogleSignInSwift in Frameworks */ = {isa = PBXBuildFile; productRef = F69B80442B9A09FB002675CE /* GoogleSignInSwift */; };
		F69B80472B9A0D1B002675CE /* GoogleSignInManager.swift in Sources */ = {isa = PBXBuildFile; fileRef = F69B80462B9A0D1B002675CE /* GoogleSignInManager.swift */; };
		F6A35EBB2BE5087300313B7D /* ServerAuthManager.swift in Sources */ = {isa = PBXBuildFile; fileRef = F6A35EBA2BE5087300313B7D /* ServerAuthManager.swift */; };
		F6A35EBD2BE508A000313B7D /* StatusCode.swift in Sources */ = {isa = PBXBuildFile; fileRef = F6A35EBC2BE508A000313B7D /* StatusCode.swift */; };
		F6A9660E2C2479B90079B89E /* BlankPageViewController.swift in Sources */ = {isa = PBXBuildFile; fileRef = F6A9660D2C2479B90079B89E /* BlankPageViewController.swift */; };
		F6ACBCE52BEB47D3006386DE /* ProfileAPIRepository.swift in Sources */ = {isa = PBXBuildFile; fileRef = F6ACBCE42BEB47D3006386DE /* ProfileAPIRepository.swift */; };
		F6B5B4062BBBFD90000C8494 /* CustomSeparatorView.swift in Sources */ = {isa = PBXBuildFile; fileRef = F6B5B4052BBBFD90000C8494 /* CustomSeparatorView.swift */; };
		F6B5B4082BBBFDA2000C8494 /* ProfileETCView.swift in Sources */ = {isa = PBXBuildFile; fileRef = F6B5B4072BBBFDA2000C8494 /* ProfileETCView.swift */; };
		F6B5B40A2BBBFDC3000C8494 /* ProfileAccountView.swift in Sources */ = {isa = PBXBuildFile; fileRef = F6B5B4092BBBFDC3000C8494 /* ProfileAccountView.swift */; };
		F6B5B40C2BBBFDDA000C8494 /* ProfileView.swift in Sources */ = {isa = PBXBuildFile; fileRef = F6B5B40B2BBBFDDA000C8494 /* ProfileView.swift */; };
		F6B94ABF2BAEFC95005FDEE6 /* ProfileRepositoryTemp.swift in Sources */ = {isa = PBXBuildFile; fileRef = F6B94ABE2BAEFC95005FDEE6 /* ProfileRepositoryTemp.swift */; };
		F6BEDA8E2C1DD2BD00BD770A /* PostAPIRepository.swift in Sources */ = {isa = PBXBuildFile; fileRef = F6BEDA8D2C1DD2BD00BD770A /* PostAPIRepository.swift */; };
		F6BEDA902C1DD7AA00BD770A /* ServerNetworkDTO.swift in Sources */ = {isa = PBXBuildFile; fileRef = F6BEDA8F2C1DD7AA00BD770A /* ServerNetworkDTO.swift */; };
		F6F0548C2C0863A800CC7FAF /* YouthDetailSubTitleView.swift in Sources */ = {isa = PBXBuildFile; fileRef = F6F0548B2C0863A800CC7FAF /* YouthDetailSubTitleView.swift */; };
		F6F0548E2C0863C000CC7FAF /* YouthDetailTopView.swift in Sources */ = {isa = PBXBuildFile; fileRef = F6F0548D2C0863C000CC7FAF /* YouthDetailTopView.swift */; };
/* End PBXBuildFile section */

/* Begin PBXContainerItemProxy section */
		F69B801A2B996847002675CE /* PBXContainerItemProxy */ = {
			isa = PBXContainerItemProxy;
			containerPortal = F69B7FFB2B996845002675CE /* Project object */;
			proxyType = 1;
			remoteGlobalIDString = F69B80022B996846002675CE;
			remoteInfo = WithPeace;
		};
		F69B80242B996847002675CE /* PBXContainerItemProxy */ = {
			isa = PBXContainerItemProxy;
			containerPortal = F69B7FFB2B996845002675CE /* Project object */;
			proxyType = 1;
			remoteGlobalIDString = F69B80022B996846002675CE;
			remoteInfo = WithPeace;
		};
/* End PBXContainerItemProxy section */

/* Begin PBXFileReference section */
		006E63862CE8818300CF2F45 /* HomeSection.swift */ = {isa = PBXFileReference; lastKnownFileType = sourcecode.swift; path = HomeSection.swift; sourceTree = "<group>"; };
		00839A0C2CD7C3850024337F /* Secrets.plist */ = {isa = PBXFileReference; lastKnownFileType = text.plist.xml; path = Secrets.plist; sourceTree = "<group>"; };
		00839A0E2CD7C3B10024337F /* APIKeys.swift */ = {isa = PBXFileReference; lastKnownFileType = sourcecode.swift; path = APIKeys.swift; sourceTree = "<group>"; };
		00839A152CD7C6640024337F /* SocialLoginRouter.swift */ = {isa = PBXFileReference; lastKnownFileType = sourcecode.swift; path = SocialLoginRouter.swift; sourceTree = "<group>"; };
		00839A1B2CD7C8050024337F /* CleanNetworkManager.swift */ = {isa = PBXFileReference; lastKnownFileType = sourcecode.swift; path = CleanNetworkManager.swift; sourceTree = "<group>"; };
		00839A202CD7C8420024337F /* LoginRouter.swift */ = {isa = PBXFileReference; lastKnownFileType = sourcecode.swift; path = LoginRouter.swift; sourceTree = "<group>"; };
		00839A232CD7C94A0024337F /* LoginRepository.swift */ = {isa = PBXFileReference; lastKnownFileType = sourcecode.swift; path = LoginRepository.swift; sourceTree = "<group>"; };
		00839A252CD7C95A0024337F /* LoginUsecase.swift */ = {isa = PBXFileReference; lastKnownFileType = sourcecode.swift; path = LoginUsecase.swift; sourceTree = "<group>"; };
		009D0E892CDBAFAB007D70C2 /* DTOType.swift */ = {isa = PBXFileReference; lastKnownFileType = sourcecode.swift; path = DTOType.swift; sourceTree = "<group>"; };
		009D0E8B2CDBB049007D70C2 /* SocialLoginDTO.swift */ = {isa = PBXFileReference; lastKnownFileType = sourcecode.swift; path = SocialLoginDTO.swift; sourceTree = "<group>"; };
		009D0E8F2CDBC2BD007D70C2 /* RefreshedTokenDTO.swift */ = {isa = PBXFileReference; lastKnownFileType = sourcecode.swift; path = RefreshedTokenDTO.swift; sourceTree = "<group>"; };
		009E02932CEB76E30093EFBF /* MyKeywordsHeader.swift */ = {isa = PBXFileReference; lastKnownFileType = sourcecode.swift; path = MyKeywordsHeader.swift; sourceTree = "<group>"; };
		00B683922CE1F640005110D2 /* HomeViewController.swift */ = {isa = PBXFileReference; lastKnownFileType = sourcecode.swift; path = HomeViewController.swift; sourceTree = "<group>"; };
		00B683A52CE1F90B005110D2 /* HomeViewModel.swift */ = {isa = PBXFileReference; lastKnownFileType = sourcecode.swift; path = HomeViewModel.swift; sourceTree = "<group>"; };
		00C2A5192CE3389200EFF471 /* HotPolicyCollectionViewCell.swift */ = {isa = PBXFileReference; lastKnownFileType = sourcecode.swift; path = HotPolicyCollectionViewCell.swift; sourceTree = "<group>"; };
		00C2A51E2CE3601200EFF471 /* MyKeywordsCollectionViewCell.swift */ = {isa = PBXFileReference; lastKnownFileType = sourcecode.swift; path = MyKeywordsCollectionViewCell.swift; sourceTree = "<group>"; };
		00C2A5202CE3607300EFF471 /* UICollectionViewCell+Ext.swift */ = {isa = PBXFileReference; lastKnownFileType = sourcecode.swift; path = "UICollectionViewCell+Ext.swift"; sourceTree = "<group>"; };
		00C2A5222CE360EF00EFF471 /* PolicyRecommendationCollectionViewCell.swift */ = {isa = PBXFileReference; lastKnownFileType = sourcecode.swift; path = PolicyRecommendationCollectionViewCell.swift; sourceTree = "<group>"; };
		00C2A5242CE3610400EFF471 /* CommunityCollectionViewCell.swift */ = {isa = PBXFileReference; lastKnownFileType = sourcecode.swift; path = CommunityCollectionViewCell.swift; sourceTree = "<group>"; };
		00C2A5272CE396B400EFF471 /* HotPolicyHeader.swift */ = {isa = PBXFileReference; lastKnownFileType = sourcecode.swift; path = HotPolicyHeader.swift; sourceTree = "<group>"; };
		00C2A5292CE3973800EFF471 /* PolicyRecommendationHeader.swift */ = {isa = PBXFileReference; lastKnownFileType = sourcecode.swift; path = PolicyRecommendationHeader.swift; sourceTree = "<group>"; };
		00C2A52B2CE3974D00EFF471 /* CommunityHeader.swift */ = {isa = PBXFileReference; lastKnownFileType = sourcecode.swift; path = CommunityHeader.swift; sourceTree = "<group>"; };
		00DB008C2CDB52170012B2B1 /* ProfileRouter.swift */ = {isa = PBXFileReference; lastKnownFileType = sourcecode.swift; path = ProfileRouter.swift; sourceTree = "<group>"; };
		00DB008E2CDB5A0B0012B2B1 /* BaseTargetType.swift */ = {isa = PBXFileReference; lastKnownFileType = sourcecode.swift; path = BaseTargetType.swift; sourceTree = "<group>"; };
		00DE3F432CDCD1E000CAC3D8 /* ProfileDTO.swift */ = {isa = PBXFileReference; lastKnownFileType = sourcecode.swift; path = ProfileDTO.swift; sourceTree = "<group>"; };
		00DE3F452CDCD38100CAC3D8 /* ProfileRepository.swift */ = {isa = PBXFileReference; lastKnownFileType = sourcecode.swift; path = ProfileRepository.swift; sourceTree = "<group>"; };
		00DE3F472CDCD73200CAC3D8 /* ProfileUsecase.swift */ = {isa = PBXFileReference; lastKnownFileType = sourcecode.swift; path = ProfileUsecase.swift; sourceTree = "<group>"; };
		00DE3F492CDCD91F00CAC3D8 /* AppViewModel.swift */ = {isa = PBXFileReference; lastKnownFileType = sourcecode.swift; path = AppViewModel.swift; sourceTree = "<group>"; };
		00DE3F4B2CDCDA2A00CAC3D8 /* ViewModelType.swift */ = {isa = PBXFileReference; lastKnownFileType = sourcecode.swift; path = ViewModelType.swift; sourceTree = "<group>"; };
		6303235C2BAC636700B16E7C /* PostManager.swift */ = {isa = PBXFileReference; lastKnownFileType = sourcecode.swift; path = PostManager.swift; sourceTree = "<group>"; };
		630323622BB5590000B16E7C /* ForumPostViewCell.swift */ = {isa = PBXFileReference; lastKnownFileType = sourcecode.swift; path = ForumPostViewCell.swift; sourceTree = "<group>"; };
		630323662BBAD26200B16E7C /* ForumCategoryView.swift */ = {isa = PBXFileReference; lastKnownFileType = sourcecode.swift; path = ForumCategoryView.swift; sourceTree = "<group>"; };
		6303236E2BC7D61100B16E7C /* ForumDetailViewController.swift */ = {isa = PBXFileReference; lastKnownFileType = sourcecode.swift; path = ForumDetailViewController.swift; sourceTree = "<group>"; };
		630323702BC7D66500B16E7C /* ForumDetailCell.swift */ = {isa = PBXFileReference; lastKnownFileType = sourcecode.swift; path = ForumDetailCell.swift; sourceTree = "<group>"; };
		630323722BC7D68200B16E7C /* ImageDetailCollectionViewCell.swift */ = {isa = PBXFileReference; lastKnownFileType = sourcecode.swift; path = ImageDetailCollectionViewCell.swift; sourceTree = "<group>"; };
		630EA1FF2BA0039300F04ED3 /* GoogleSignError.swift */ = {isa = PBXFileReference; lastKnownFileType = sourcecode.swift; path = GoogleSignError.swift; sourceTree = "<group>"; };
		630EA20C2BA0243800F04ED3 /* SignAuthDTO.swift */ = {isa = PBXFileReference; lastKnownFileType = sourcecode.swift; path = SignAuthDTO.swift; sourceTree = "<group>"; };
		630EA20E2BA0277800F04ED3 /* SignRepository.swift */ = {isa = PBXFileReference; lastKnownFileType = sourcecode.swift; path = SignRepository.swift; sourceTree = "<group>"; };
		633F8E212B9AC37500B92ADC /* KeychainManager.swift */ = {isa = PBXFileReference; lastKnownFileType = sourcecode.swift; path = KeychainManager.swift; sourceTree = "<group>"; };
		635BCBA82BA3521F00F0DCBC /* SocialLoginViewModel.swift */ = {isa = PBXFileReference; lastKnownFileType = sourcecode.swift; path = SocialLoginViewModel.swift; sourceTree = "<group>"; };
		635BCBAD2BA7E72A00F0DCBC /* PostViewController.swift */ = {isa = PBXFileReference; lastKnownFileType = sourcecode.swift; path = PostViewController.swift; sourceTree = "<group>"; };
		635BCBAF2BA80C7300F0DCBC /* PostNavigationBarView.swift */ = {isa = PBXFileReference; lastKnownFileType = sourcecode.swift; path = PostNavigationBarView.swift; sourceTree = "<group>"; };
		635BCBB22BA94F6600F0DCBC /* CategoryViewCell.swift */ = {isa = PBXFileReference; lastKnownFileType = sourcecode.swift; path = CategoryViewCell.swift; sourceTree = "<group>"; };
		635BCBB42BA952C600F0DCBC /* TitleCell.swift */ = {isa = PBXFileReference; lastKnownFileType = sourcecode.swift; path = TitleCell.swift; sourceTree = "<group>"; };
		635BCBB62BA952F000F0DCBC /* DescriptionCell.swift */ = {isa = PBXFileReference; lastKnownFileType = sourcecode.swift; path = DescriptionCell.swift; sourceTree = "<group>"; };
		6377F69C2BA06324006CAB26 /* SignRepositoryError.swift */ = {isa = PBXFileReference; lastKnownFileType = sourcecode.swift; path = SignRepositoryError.swift; sourceTree = "<group>"; };
		63C52F962BA962590072DE18 /* PostPhotoView.swift */ = {isa = PBXFileReference; lastKnownFileType = sourcecode.swift; path = PostPhotoView.swift; sourceTree = "<group>"; };
		63C52F982BA97FB40072DE18 /* CategorySelectViewController.swift */ = {isa = PBXFileReference; lastKnownFileType = sourcecode.swift; path = CategorySelectViewController.swift; sourceTree = "<group>"; };
		63C52F9A2BA9B80D0072DE18 /* PostModel.swift */ = {isa = PBXFileReference; lastKnownFileType = sourcecode.swift; path = PostModel.swift; sourceTree = "<group>"; };
		63C52F9C2BA9B83F0072DE18 /* PostViewModel.swift */ = {isa = PBXFileReference; lastKnownFileType = sourcecode.swift; path = PostViewModel.swift; sourceTree = "<group>"; };
		F61B515F2BEB799000812C8D /* YouthListCell.swift */ = {isa = PBXFileReference; lastKnownFileType = sourcecode.swift; path = YouthListCell.swift; sourceTree = "<group>"; };
		F61B51612BECF5B400812C8D /* YouthPolicyViewModel.swift */ = {isa = PBXFileReference; lastKnownFileType = sourcecode.swift; path = YouthPolicyViewModel.swift; sourceTree = "<group>"; };
		F6394B9C2C301F9E0092FFB5 /* TermsViewController.swift */ = {isa = PBXFileReference; lastKnownFileType = sourcecode.swift; path = TermsViewController.swift; sourceTree = "<group>"; };
		F65040A12C20750C00B14D84 /* PostDTO.swift */ = {isa = PBXFileReference; lastKnownFileType = sourcecode.swift; path = PostDTO.swift; sourceTree = "<group>"; };
		F65040A32C20759A00B14D84 /* SearchDataDTO.swift */ = {isa = PBXFileReference; lastKnownFileType = sourcecode.swift; path = SearchDataDTO.swift; sourceTree = "<group>"; };
		F65040A62C2075E000B14D84 /* ServerAPIError.swift */ = {isa = PBXFileReference; lastKnownFileType = sourcecode.swift; path = ServerAPIError.swift; sourceTree = "<group>"; };
		F65040A82C20816900B14D84 /* PostType.swift */ = {isa = PBXFileReference; lastKnownFileType = sourcecode.swift; path = PostType.swift; sourceTree = "<group>"; };
		F65040AA2C20818C00B14D84 /* ReportMessage.swift */ = {isa = PBXFileReference; lastKnownFileType = sourcecode.swift; path = ReportMessage.swift; sourceTree = "<group>"; };
		F65040AC2C208EAC00B14D84 /* ProfileEditViewModel.swift */ = {isa = PBXFileReference; fileEncoding = 4; lastKnownFileType = sourcecode.swift; name = ProfileEditViewModel.swift; path = CheongHa/View/ContentsView/myPageVIew/ProfileEditView/ProfileEditViewModel.swift; sourceTree = SOURCE_ROOT; };
		F65040AD2C208EAC00B14D84 /* ProfileEditViewController.swift */ = {isa = PBXFileReference; fileEncoding = 4; lastKnownFileType = sourcecode.swift; name = ProfileEditViewController.swift; path = CheongHa/View/ContentsView/myPageVIew/ProfileEditView/ProfileEditViewController.swift; sourceTree = SOURCE_ROOT; };
		F65040B22C208F1700B14D84 /* CustomActionSheetViewController.swift */ = {isa = PBXFileReference; fileEncoding = 4; lastKnownFileType = sourcecode.swift; path = CustomActionSheetViewController.swift; sourceTree = "<group>"; };
		F65E1ECE2BAC086D00326EF7 /* LoginNickNameViewController.swift */ = {isa = PBXFileReference; fileEncoding = 4; lastKnownFileType = sourcecode.swift; path = LoginNickNameViewController.swift; sourceTree = "<group>"; };
		F65FFA8E2C04C3D3009A6FB3 /* YouthDetailViewController.swift */ = {isa = PBXFileReference; lastKnownFileType = sourcecode.swift; path = YouthDetailViewController.swift; sourceTree = "<group>"; };
		F65FFA902C04C71C009A6FB3 /* YouthDetailHeaderView.swift */ = {isa = PBXFileReference; lastKnownFileType = sourcecode.swift; path = YouthDetailHeaderView.swift; sourceTree = "<group>"; };
		F65FFA922C05CEC3009A6FB3 /* YouthDetailCell.swift */ = {isa = PBXFileReference; lastKnownFileType = sourcecode.swift; path = YouthDetailCell.swift; sourceTree = "<group>"; };
		F65FFA942C074904009A6FB3 /* YouthDetailTableView.swift */ = {isa = PBXFileReference; lastKnownFileType = sourcecode.swift; path = YouthDetailTableView.swift; sourceTree = "<group>"; };
		F65FFA962C074914009A6FB3 /* YouthDetailTableViewController.swift */ = {isa = PBXFileReference; lastKnownFileType = sourcecode.swift; path = YouthDetailTableViewController.swift; sourceTree = "<group>"; };
		F65FFA982C075F1B009A6FB3 /* YouthDetailViewControllerWithTableView.swift */ = {isa = PBXFileReference; lastKnownFileType = sourcecode.swift; path = YouthDetailViewControllerWithTableView.swift; sourceTree = "<group>"; };
		F65FFA9A2C075FAA009A6FB3 /* YouthDetailContentView.swift */ = {isa = PBXFileReference; lastKnownFileType = sourcecode.swift; path = YouthDetailContentView.swift; sourceTree = "<group>"; };
		F667FD862BAC2287005AAAB7 /* CustomPhotoAlbumDetailViewController.swift */ = {isa = PBXFileReference; fileEncoding = 4; lastKnownFileType = sourcecode.swift; path = CustomPhotoAlbumDetailViewController.swift; sourceTree = "<group>"; };
		F667FD872BAC2287005AAAB7 /* AlbumDetailCell.swift */ = {isa = PBXFileReference; fileEncoding = 4; lastKnownFileType = sourcecode.swift; path = AlbumDetailCell.swift; sourceTree = "<group>"; };
		F66959642C3F4E2600644DE9 /* WebViewAssistantViewController.swift */ = {isa = PBXFileReference; lastKnownFileType = sourcecode.swift; path = WebViewAssistantViewController.swift; sourceTree = "<group>"; };
		F66C98212BA1F5AD001E121C /* MainTabBarController.swift */ = {isa = PBXFileReference; lastKnownFileType = sourcecode.swift; path = MainTabBarController.swift; sourceTree = "<group>"; };
		F671A9BA2BA00D4A002808DA /* Bundle+.swift */ = {isa = PBXFileReference; lastKnownFileType = sourcecode.swift; path = "Bundle+.swift"; sourceTree = "<group>"; };
		F671A9C32BA00FBA002808DA /* NetworkManager.swift */ = {isa = PBXFileReference; lastKnownFileType = sourcecode.swift; path = NetworkManager.swift; sourceTree = "<group>"; };
		F671A9C52BA00FD7002808DA /* EndPoint.swift */ = {isa = PBXFileReference; lastKnownFileType = sourcecode.swift; path = EndPoint.swift; sourceTree = "<group>"; };
		F671A9C72BA0173E002808DA /* HTTPMethod.swift */ = {isa = PBXFileReference; lastKnownFileType = sourcecode.swift; path = HTTPMethod.swift; sourceTree = "<group>"; };
		F671A9C92BA0174E002808DA /* NetworkError.swift */ = {isa = PBXFileReference; lastKnownFileType = sourcecode.swift; path = NetworkError.swift; sourceTree = "<group>"; };
		F671A9CC2BA059DB002808DA /* Const.swift */ = {isa = PBXFileReference; lastKnownFileType = sourcecode.swift; path = Const.swift; sourceTree = "<group>"; };
		F672505C2BD9082D002C5835 /* YouthCenterRepository.swift */ = {isa = PBXFileReference; lastKnownFileType = sourcecode.swift; path = YouthCenterRepository.swift; sourceTree = "<group>"; };
		F674DDDE2BADB17A00536AA7 /* String+.swift */ = {isa = PBXFileReference; lastKnownFileType = sourcecode.swift; path = "String+.swift"; sourceTree = "<group>"; };
		F67A64BF2C60DC88009572CE /* ExampleViewController.swift */ = {isa = PBXFileReference; lastKnownFileType = sourcecode.swift; path = ExampleViewController.swift; sourceTree = "<group>"; };
		F67A64C12C60DD12009572CE /* ExampleViewModel.swift */ = {isa = PBXFileReference; lastKnownFileType = sourcecode.swift; path = ExampleViewModel.swift; sourceTree = "<group>"; };
		F6833FAA2BFC70700099F1DA /* YouthFilterViewController.swift */ = {isa = PBXFileReference; lastKnownFileType = sourcecode.swift; path = YouthFilterViewController.swift; sourceTree = "<group>"; };
		F6833FAC2BFC708D0099F1DA /* YouthFilterViewModel.swift */ = {isa = PBXFileReference; lastKnownFileType = sourcecode.swift; path = YouthFilterViewModel.swift; sourceTree = "<group>"; };
		F6833FF22BFDC3B30099F1DA /* YouthFilterCustomCell.swift */ = {isa = PBXFileReference; lastKnownFileType = sourcecode.swift; path = YouthFilterCustomCell.swift; sourceTree = "<group>"; };
		F6833FF42BFDC4150099F1DA /* YouthFilterFooterView.swift */ = {isa = PBXFileReference; lastKnownFileType = sourcecode.swift; path = YouthFilterFooterView.swift; sourceTree = "<group>"; };
		F6833FF62BFE24130099F1DA /* YouthFilterHeaderView.swift */ = {isa = PBXFileReference; lastKnownFileType = sourcecode.swift; path = YouthFilterHeaderView.swift; sourceTree = "<group>"; };
		F6833FF82C00ACB10099F1DA /* YouthFilterData.swift */ = {isa = PBXFileReference; lastKnownFileType = sourcecode.swift; path = YouthFilterData.swift; sourceTree = "<group>"; };
		F68657412BB415A400821281 /* CustomActionSheetPresentationController.swift */ = {isa = PBXFileReference; lastKnownFileType = sourcecode.swift; path = CustomActionSheetPresentationController.swift; sourceTree = "<group>"; };
		F68657432BB415DC00821281 /* CustomActionSheetTransitioningDelegate.swift */ = {isa = PBXFileReference; lastKnownFileType = sourcecode.swift; path = CustomActionSheetTransitioningDelegate.swift; sourceTree = "<group>"; };
		F68719B02BA8635C0049B182 /* CustomPhotoAlbumViewController.swift */ = {isa = PBXFileReference; lastKnownFileType = sourcecode.swift; path = CustomPhotoAlbumViewController.swift; sourceTree = "<group>"; };
		F68719B22BA867FE0049B182 /* UICollectionViewLayout+.swift */ = {isa = PBXFileReference; lastKnownFileType = sourcecode.swift; path = "UICollectionViewLayout+.swift"; sourceTree = "<group>"; };
		F68719B52BA8707D0049B182 /* CustomAlbumCell.swift */ = {isa = PBXFileReference; lastKnownFileType = sourcecode.swift; path = CustomAlbumCell.swift; sourceTree = "<group>"; };
		F68C9D1B2BA2DE87008CB7E4 /* YouthPolicyViewController.swift */ = {isa = PBXFileReference; lastKnownFileType = sourcecode.swift; path = YouthPolicyViewController.swift; sourceTree = "<group>"; };
		F68C9D1D2BA2DE93008CB7E4 /* ForumViewController.swift */ = {isa = PBXFileReference; lastKnownFileType = sourcecode.swift; path = ForumViewController.swift; sourceTree = "<group>"; };
		F68C9D212BA2DEAD008CB7E4 /* MyPageViewController.swift */ = {isa = PBXFileReference; lastKnownFileType = sourcecode.swift; path = MyPageViewController.swift; sourceTree = "<group>"; };
		F68C9D232BA2DEDB008CB7E4 /* SocialLoginViewController.swift */ = {isa = PBXFileReference; lastKnownFileType = sourcecode.swift; path = SocialLoginViewController.swift; sourceTree = "<group>"; };
		F68C9D282BA2FFA0008CB7E4 /* LoginNickNameViewModel.swift */ = {isa = PBXFileReference; lastKnownFileType = sourcecode.swift; path = LoginNickNameViewModel.swift; sourceTree = "<group>"; };
		F68C9D6D2BA5E291008CB7E4 /* ToastMessageView.swift */ = {isa = PBXFileReference; lastKnownFileType = sourcecode.swift; path = ToastMessageView.swift; sourceTree = "<group>"; };
		F69011DC2BB4685C009A8087 /* CustomAlertSheetViewController.swift */ = {isa = PBXFileReference; lastKnownFileType = sourcecode.swift; path = CustomAlertSheetViewController.swift; sourceTree = "<group>"; };
		F69011DE2BB5A9B2009A8087 /* CustomAlertSheetView.swift */ = {isa = PBXFileReference; lastKnownFileType = sourcecode.swift; path = CustomAlertSheetView.swift; sourceTree = "<group>"; };
		F69011E02BB6D352009A8087 /* MultipartFormData.swift */ = {isa = PBXFileReference; lastKnownFileType = sourcecode.swift; path = MultipartFormData.swift; sourceTree = "<group>"; };
		F69011E22BB6D91E009A8087 /* MyPageViewModel.swift */ = {isa = PBXFileReference; lastKnownFileType = sourcecode.swift; path = MyPageViewModel.swift; sourceTree = "<group>"; };
		F697444E2BB08AD6006683AF /* Data+.swift */ = {isa = PBXFileReference; lastKnownFileType = sourcecode.swift; path = "Data+.swift"; sourceTree = "<group>"; };
		F69B80032B996846002675CE /* CheongHa.app */ = {isa = PBXFileReference; explicitFileType = wrapper.application; includeInIndex = 0; path = CheongHa.app; sourceTree = BUILT_PRODUCTS_DIR; };
		F69B80062B996846002675CE /* AppDelegate.swift */ = {isa = PBXFileReference; lastKnownFileType = sourcecode.swift; path = AppDelegate.swift; sourceTree = "<group>"; };
		F69B80082B996846002675CE /* SceneDelegate.swift */ = {isa = PBXFileReference; lastKnownFileType = sourcecode.swift; path = SceneDelegate.swift; sourceTree = "<group>"; };
		F69B800A2B996846002675CE /* ViewController.swift */ = {isa = PBXFileReference; lastKnownFileType = sourcecode.swift; path = ViewController.swift; sourceTree = "<group>"; };
		F69B800F2B996847002675CE /* Assets.xcassets */ = {isa = PBXFileReference; lastKnownFileType = folder.assetcatalog; path = Assets.xcassets; sourceTree = "<group>"; };
		F69B80122B996847002675CE /* Base */ = {isa = PBXFileReference; lastKnownFileType = file.storyboard; name = Base; path = Base.lproj/LaunchScreen.storyboard; sourceTree = "<group>"; };
		F69B80142B996847002675CE /* Info.plist */ = {isa = PBXFileReference; lastKnownFileType = text.plist.xml; path = Info.plist; sourceTree = "<group>"; };
		F69B80192B996847002675CE /* CheongHaTests.xctest */ = {isa = PBXFileReference; explicitFileType = wrapper.cfbundle; includeInIndex = 0; path = CheongHaTests.xctest; sourceTree = BUILT_PRODUCTS_DIR; };
		F69B80232B996847002675CE /* CheongHaUITests.xctest */ = {isa = PBXFileReference; explicitFileType = wrapper.cfbundle; includeInIndex = 0; path = CheongHaUITests.xctest; sourceTree = BUILT_PRODUCTS_DIR; };
		F69B80462B9A0D1B002675CE /* GoogleSignInManager.swift */ = {isa = PBXFileReference; lastKnownFileType = sourcecode.swift; path = GoogleSignInManager.swift; sourceTree = "<group>"; };
		F6A35EBA2BE5087300313B7D /* ServerAuthManager.swift */ = {isa = PBXFileReference; lastKnownFileType = sourcecode.swift; path = ServerAuthManager.swift; sourceTree = "<group>"; };
		F6A35EBC2BE508A000313B7D /* StatusCode.swift */ = {isa = PBXFileReference; lastKnownFileType = sourcecode.swift; path = StatusCode.swift; sourceTree = "<group>"; };
		F6A9660D2C2479B90079B89E /* BlankPageViewController.swift */ = {isa = PBXFileReference; lastKnownFileType = sourcecode.swift; path = BlankPageViewController.swift; sourceTree = "<group>"; };
		F6ACBCE42BEB47D3006386DE /* ProfileAPIRepository.swift */ = {isa = PBXFileReference; lastKnownFileType = sourcecode.swift; path = ProfileAPIRepository.swift; sourceTree = "<group>"; };
		F6B5B4052BBBFD90000C8494 /* CustomSeparatorView.swift */ = {isa = PBXFileReference; lastKnownFileType = sourcecode.swift; path = CustomSeparatorView.swift; sourceTree = "<group>"; };
		F6B5B4072BBBFDA2000C8494 /* ProfileETCView.swift */ = {isa = PBXFileReference; lastKnownFileType = sourcecode.swift; path = ProfileETCView.swift; sourceTree = "<group>"; };
		F6B5B4092BBBFDC3000C8494 /* ProfileAccountView.swift */ = {isa = PBXFileReference; lastKnownFileType = sourcecode.swift; path = ProfileAccountView.swift; sourceTree = "<group>"; };
		F6B5B40B2BBBFDDA000C8494 /* ProfileView.swift */ = {isa = PBXFileReference; lastKnownFileType = sourcecode.swift; path = ProfileView.swift; sourceTree = "<group>"; };
		F6B94ABE2BAEFC95005FDEE6 /* ProfileRepositoryTemp.swift */ = {isa = PBXFileReference; lastKnownFileType = sourcecode.swift; path = ProfileRepositoryTemp.swift; sourceTree = "<group>"; };
		F6BEDA8D2C1DD2BD00BD770A /* PostAPIRepository.swift */ = {isa = PBXFileReference; lastKnownFileType = sourcecode.swift; path = PostAPIRepository.swift; sourceTree = "<group>"; };
		F6BEDA8F2C1DD7AA00BD770A /* ServerNetworkDTO.swift */ = {isa = PBXFileReference; lastKnownFileType = sourcecode.swift; path = ServerNetworkDTO.swift; sourceTree = "<group>"; };
		F6F0548B2C0863A800CC7FAF /* YouthDetailSubTitleView.swift */ = {isa = PBXFileReference; lastKnownFileType = sourcecode.swift; path = YouthDetailSubTitleView.swift; sourceTree = "<group>"; };
		F6F0548D2C0863C000CC7FAF /* YouthDetailTopView.swift */ = {isa = PBXFileReference; lastKnownFileType = sourcecode.swift; path = YouthDetailTopView.swift; sourceTree = "<group>"; };
/* End PBXFileReference section */

/* Begin PBXFrameworksBuildPhase section */
		F69B80002B996846002675CE /* Frameworks */ = {
			isa = PBXFrameworksBuildPhase;
			buildActionMask = 2147483647;
			files = (
				00B683992CE1F6E9005110D2 /* FlexLayout in Frameworks */,
				00B6839C2CE1F771005110D2 /* SnapKit in Frameworks */,
				00B683962CE1F6B9005110D2 /* PinLayout in Frameworks */,
				00C2A5162CE333E500EFF471 /* RxDataSources in Frameworks */,
				00839A1F2CD7C82F0024337F /* RxMoya in Frameworks */,
				F68C9D122BA2DB39008CB7E4 /* RxCocoa in Frameworks */,
				F69B80432B9A09FB002675CE /* GoogleSignIn in Frameworks */,
				F68C9D142BA2DB39008CB7E4 /* RxSwift in Frameworks */,
				00C2A5142CE333E500EFF471 /* Differentiator in Frameworks */,
				F69B80452B9A09FB002675CE /* GoogleSignInSwift in Frameworks */,
			);
			runOnlyForDeploymentPostprocessing = 0;
		};
		F69B80162B996847002675CE /* Frameworks */ = {
			isa = PBXFrameworksBuildPhase;
			buildActionMask = 2147483647;
			files = (
			);
			runOnlyForDeploymentPostprocessing = 0;
		};
		F69B80202B996847002675CE /* Frameworks */ = {
			isa = PBXFrameworksBuildPhase;
			buildActionMask = 2147483647;
			files = (
			);
			runOnlyForDeploymentPostprocessing = 0;
		};
/* End PBXFrameworksBuildPhase section */

/* Begin PBXGroup section */
		005E85A52CD8B36800029F7C /* Keychain */ = {
			isa = PBXGroup;
			children = (
				633F8E212B9AC37500B92ADC /* KeychainManager.swift */,
			);
			path = Keychain;
			sourceTree = "<group>";
		};
		006E63752CE87EC200CF2F45 /* Sections */ = {
			isa = PBXGroup;
			children = (
				006E63762CE87EDF00CF2F45 /* MyKeywords */,
				006E63792CE87F3E00CF2F45 /* HotPolicy */,
				006E637A2CE87F5400CF2F45 /* PolicyRecommendationCollection */,
				006E637B2CE87F6A00CF2F45 /* Coummunity */,
			);
			path = Sections;
			sourceTree = "<group>";
		};
		006E63762CE87EDF00CF2F45 /* MyKeywords */ = {
			isa = PBXGroup;
			children = (
				00C2A5262CE395B100EFF471 /* Header */,
				006E637C2CE87F8800CF2F45 /* CustomCell */,
			);
			path = MyKeywords;
			sourceTree = "<group>";
		};
		006E63772CE87F2800CF2F45 /* Utils */ = {
			isa = PBXGroup;
			children = (
				006E63832CE87FDE00CF2F45 /* Protocols */,
				006E63782CE87F2E00CF2F45 /* Extensions */,
			);
			path = Utils;
			sourceTree = "<group>";
		};
		006E63782CE87F2E00CF2F45 /* Extensions */ = {
			isa = PBXGroup;
			children = (
				00C2A5202CE3607300EFF471 /* UICollectionViewCell+Ext.swift */,
			);
			path = Extensions;
			sourceTree = "<group>";
		};
		006E63792CE87F3E00CF2F45 /* HotPolicy */ = {
			isa = PBXGroup;
			children = (
				006E637D2CE87FA100CF2F45 /* Header */,
				006E637E2CE87FA600CF2F45 /* CustomCell */,
			);
			path = HotPolicy;
			sourceTree = "<group>";
		};
		006E637A2CE87F5400CF2F45 /* PolicyRecommendationCollection */ = {
			isa = PBXGroup;
			children = (
				006E637F2CE87FAE00CF2F45 /* Header */,
				006E63802CE87FB100CF2F45 /* CustomCell */,
			);
			path = PolicyRecommendationCollection;
			sourceTree = "<group>";
		};
		006E637B2CE87F6A00CF2F45 /* Coummunity */ = {
			isa = PBXGroup;
			children = (
				006E63812CE87FB700CF2F45 /* Header */,
				006E63822CE87FBB00CF2F45 /* CustomCell */,
			);
			path = Coummunity;
			sourceTree = "<group>";
		};
		006E637C2CE87F8800CF2F45 /* CustomCell */ = {
			isa = PBXGroup;
			children = (
				00C2A51E2CE3601200EFF471 /* MyKeywordsCollectionViewCell.swift */,
			);
			path = CustomCell;
			sourceTree = "<group>";
		};
		006E637D2CE87FA100CF2F45 /* Header */ = {
			isa = PBXGroup;
			children = (
				00C2A5272CE396B400EFF471 /* HotPolicyHeader.swift */,
			);
			path = Header;
			sourceTree = "<group>";
		};
		006E637E2CE87FA600CF2F45 /* CustomCell */ = {
			isa = PBXGroup;
			children = (
				00C2A5192CE3389200EFF471 /* HotPolicyCollectionViewCell.swift */,
			);
			path = CustomCell;
			sourceTree = "<group>";
		};
		006E637F2CE87FAE00CF2F45 /* Header */ = {
			isa = PBXGroup;
			children = (
				00C2A5292CE3973800EFF471 /* PolicyRecommendationHeader.swift */,
			);
			path = Header;
			sourceTree = "<group>";
		};
		006E63802CE87FB100CF2F45 /* CustomCell */ = {
			isa = PBXGroup;
			children = (
				00C2A5222CE360EF00EFF471 /* PolicyRecommendationCollectionViewCell.swift */,
			);
			path = CustomCell;
			sourceTree = "<group>";
		};
		006E63812CE87FB700CF2F45 /* Header */ = {
			isa = PBXGroup;
			children = (
				00C2A52B2CE3974D00EFF471 /* CommunityHeader.swift */,
			);
			path = Header;
			sourceTree = "<group>";
		};
		006E63822CE87FBB00CF2F45 /* CustomCell */ = {
			isa = PBXGroup;
			children = (
				00C2A5242CE3610400EFF471 /* CommunityCollectionViewCell.swift */,
			);
			path = CustomCell;
			sourceTree = "<group>";
		};
		006E63832CE87FDE00CF2F45 /* Protocols */ = {
			isa = PBXGroup;
			children = (
				00DE3F4B2CDCDA2A00CAC3D8 /* ViewModelType.swift */,
			);
			path = Protocols;
			sourceTree = "<group>";
		};
		006E63842CE87FF600CF2F45 /* Views */ = {
			isa = PBXGroup;
			children = (
				00B683922CE1F640005110D2 /* HomeViewController.swift */,
				006E63862CE8818300CF2F45 /* HomeSection.swift */,
				006E63752CE87EC200CF2F45 /* Sections */,
			);
			path = Views;
			sourceTree = "<group>";
		};
		006E63852CE87FFC00CF2F45 /* ViewModels */ = {
			isa = PBXGroup;
			children = (
				00B683A52CE1F90B005110D2 /* HomeViewModel.swift */,
			);
			path = ViewModels;
			sourceTree = "<group>";
		};
		00839A102CD7C6220024337F /* CleanArchitecture */ = {
			isa = PBXGroup;
			children = (
				006E63772CE87F2800CF2F45 /* Utils */,
				00839A112CD7C62E0024337F /* Presentation */,
				00839A122CD7C6370024337F /* Domain */,
				00839A132CD7C6430024337F /* Data */,
			);
			path = CleanArchitecture;
			sourceTree = "<group>";
		};
		00839A112CD7C62E0024337F /* Presentation */ = {
			isa = PBXGroup;
			children = (
				00B683912CE1F62C005110D2 /* Home */,
				00839A142CD7C6510024337F /* Login */,
			);
			path = Presentation;
			sourceTree = "<group>";
		};
		00839A122CD7C6370024337F /* Domain */ = {
			isa = PBXGroup;
			children = (
				00839A192CD7C79A0024337F /* Usecase */,
				00839A1A2CD7C7A00024337F /* Entity */,
			);
			path = Domain;
			sourceTree = "<group>";
		};
		00839A132CD7C6430024337F /* Data */ = {
			isa = PBXGroup;
			children = (
				00839A172CD7C7880024337F /* Repository */,
				005E85A52CD8B36800029F7C /* Keychain */,
				00839A182CD7C78D0024337F /* Network */,
			);
			path = Data;
			sourceTree = "<group>";
		};
		00839A142CD7C6510024337F /* Login */ = {
			isa = PBXGroup;
			children = (
				00839A152CD7C6640024337F /* SocialLoginRouter.swift */,
			);
			path = Login;
			sourceTree = "<group>";
		};
		00839A172CD7C7880024337F /* Repository */ = {
			isa = PBXGroup;
			children = (
				00839A232CD7C94A0024337F /* LoginRepository.swift */,
				00DE3F452CDCD38100CAC3D8 /* ProfileRepository.swift */,
			);
			path = Repository;
			sourceTree = "<group>";
		};
		00839A182CD7C78D0024337F /* Network */ = {
			isa = PBXGroup;
			children = (
				00839A222CD7C8D10024337F /* Routers */,
				00839A1B2CD7C8050024337F /* CleanNetworkManager.swift */,
			);
			path = Network;
			sourceTree = "<group>";
		};
		00839A192CD7C79A0024337F /* Usecase */ = {
			isa = PBXGroup;
			children = (
				00839A252CD7C95A0024337F /* LoginUsecase.swift */,
				00DE3F472CDCD73200CAC3D8 /* ProfileUsecase.swift */,
			);
			path = Usecase;
			sourceTree = "<group>";
		};
		00839A1A2CD7C7A00024337F /* Entity */ = {
			isa = PBXGroup;
			children = (
				009D0E892CDBAFAB007D70C2 /* DTOType.swift */,
				00DB008A2CDB51A00012B2B1 /* Auth */,
				00DB008B2CDB52000012B2B1 /* Profie */,
			);
			path = Entity;
			sourceTree = "<group>";
		};
		00839A222CD7C8D10024337F /* Routers */ = {
			isa = PBXGroup;
			children = (
				00DB008E2CDB5A0B0012B2B1 /* BaseTargetType.swift */,
				00839A202CD7C8420024337F /* LoginRouter.swift */,
				00DB008C2CDB52170012B2B1 /* ProfileRouter.swift */,
			);
			path = Routers;
			sourceTree = "<group>";
		};
		00B683912CE1F62C005110D2 /* Home */ = {
			isa = PBXGroup;
			children = (
				006E63842CE87FF600CF2F45 /* Views */,
				006E63852CE87FFC00CF2F45 /* ViewModels */,
			);
			path = Home;
			sourceTree = "<group>";
		};
		00C2A5262CE395B100EFF471 /* Header */ = {
			isa = PBXGroup;
			children = (
				009E02932CEB76E30093EFBF /* MyKeywordsHeader.swift */,
			);
			path = Header;
			sourceTree = "<group>";
		};
		00DB008A2CDB51A00012B2B1 /* Auth */ = {
			isa = PBXGroup;
			children = (
				009D0E8B2CDBB049007D70C2 /* SocialLoginDTO.swift */,
				009D0E8F2CDBC2BD007D70C2 /* RefreshedTokenDTO.swift */,
			);
			path = Auth;
			sourceTree = "<group>";
		};
		00DB008B2CDB52000012B2B1 /* Profie */ = {
			isa = PBXGroup;
			children = (
				F65040A32C20759A00B14D84 /* SearchDataDTO.swift */,
				00DE3F432CDCD1E000CAC3D8 /* ProfileDTO.swift */,
			);
			path = Profie;
			sourceTree = "<group>";
		};
		630EA2012BA0058600F04ED3 /* Error */ = {
			isa = PBXGroup;
			children = (
				630EA1FF2BA0039300F04ED3 /* GoogleSignError.swift */,
				F671A9C92BA0174E002808DA /* NetworkError.swift */,
				6377F69C2BA06324006CAB26 /* SignRepositoryError.swift */,
			);
			path = Error;
			sourceTree = "<group>";
		};
		635BCBAA2BA7E6FC00F0DCBC /* PostView */ = {
			isa = PBXGroup;
			children = (
				635BCBB12BA94F4200F0DCBC /* Cell */,
				635BCBAD2BA7E72A00F0DCBC /* PostViewController.swift */,
				63C52F9C2BA9B83F0072DE18 /* PostViewModel.swift */,
				63C52F9A2BA9B80D0072DE18 /* PostModel.swift */,
				635BCBAF2BA80C7300F0DCBC /* PostNavigationBarView.swift */,
				63C52F962BA962590072DE18 /* PostPhotoView.swift */,
				63C52F982BA97FB40072DE18 /* CategorySelectViewController.swift */,
			);
			path = PostView;
			sourceTree = "<group>";
		};
		635BCBB12BA94F4200F0DCBC /* Cell */ = {
			isa = PBXGroup;
			children = (
				635BCBB22BA94F6600F0DCBC /* CategoryViewCell.swift */,
				635BCBB42BA952C600F0DCBC /* TitleCell.swift */,
				635BCBB62BA952F000F0DCBC /* DescriptionCell.swift */,
			);
			path = Cell;
			sourceTree = "<group>";
		};
		F65040A52C2075B000B14D84 /* DTO */ = {
			isa = PBXGroup;
			children = (
				F6BEDA8F2C1DD7AA00BD770A /* ServerNetworkDTO.swift */,
				F65040A12C20750C00B14D84 /* PostDTO.swift */,
			);
			path = DTO;
			sourceTree = "<group>";
		};
		F65A3E202C0AE6090035314B /* YouthTableViewController(deprecated) */ = {
			isa = PBXGroup;
			children = (
				F65FFA982C075F1B009A6FB3 /* YouthDetailViewControllerWithTableView.swift */,
				F65FFA962C074914009A6FB3 /* YouthDetailTableViewController.swift */,
				F65FFA942C074904009A6FB3 /* YouthDetailTableView.swift */,
				F65FFA902C04C71C009A6FB3 /* YouthDetailHeaderView.swift */,
				F65FFA922C05CEC3009A6FB3 /* YouthDetailCell.swift */,
			);
			name = "YouthTableViewController(deprecated)";
			sourceTree = "<group>";
		};
		F65A3E212C0AE6260035314B /* YouthDetailView */ = {
			isa = PBXGroup;
			children = (
				F65FFA8E2C04C3D3009A6FB3 /* YouthDetailViewController.swift */,
				F6F0548D2C0863C000CC7FAF /* YouthDetailTopView.swift */,
				F65FFA9A2C075FAA009A6FB3 /* YouthDetailContentView.swift */,
				F6F0548B2C0863A800CC7FAF /* YouthDetailSubTitleView.swift */,
			);
			name = YouthDetailView;
			sourceTree = "<group>";
		};
		F65A3E222C0AE64D0035314B /* YouthFilterView */ = {
			isa = PBXGroup;
			children = (
				F6833FAA2BFC70700099F1DA /* YouthFilterViewController.swift */,
				F6833FAC2BFC708D0099F1DA /* YouthFilterViewModel.swift */,
				F6833FF22BFDC3B30099F1DA /* YouthFilterCustomCell.swift */,
				F6833FF62BFE24130099F1DA /* YouthFilterHeaderView.swift */,
				F6833FF42BFDC4150099F1DA /* YouthFilterFooterView.swift */,
			);
			name = YouthFilterView;
			sourceTree = "<group>";
		};
		F65A3E232C0AE6C60035314B /* CheongHaAPI */ = {
			isa = PBXGroup;
			children = (
				630EA20E2BA0277800F04ED3 /* SignRepository.swift */,
				F6A35EBA2BE5087300313B7D /* ServerAuthManager.swift */,
				F65040A62C2075E000B14D84 /* ServerAPIError.swift */,
				F65040A82C20816900B14D84 /* PostType.swift */,
				F65040AA2C20818C00B14D84 /* ReportMessage.swift */,
				F6BEDA912C1DD7D400BD770A /* ServerAPI */,
				F65040A52C2075B000B14D84 /* DTO */,
				F6BEDA922C1DD7E000BD770A /* DeprecatedAPI */,
			);
			path = CheongHaAPI;
			sourceTree = "<group>";
		};
		F65A3E242C0AE9FF0035314B /* OtherManager */ = {
			isa = PBXGroup;
			children = (
				F69B80462B9A0D1B002675CE /* GoogleSignInManager.swift */,
				6303235C2BAC636700B16E7C /* PostManager.swift */,
			);
			path = OtherManager;
			sourceTree = "<group>";
		};
		F65A3E252C0AEA2D0035314B /* ProfileEditView */ = {
			isa = PBXGroup;
			children = (
				F65040AD2C208EAC00B14D84 /* ProfileEditViewController.swift */,
				F65040AC2C208EAC00B14D84 /* ProfileEditViewModel.swift */,
			);
			path = ProfileEditView;
			sourceTree = "<group>";
		};
		F667FD852BAC2287005AAAB7 /* CustomPhotoAlbumDetailView */ = {
			isa = PBXGroup;
			children = (
				F667FD862BAC2287005AAAB7 /* CustomPhotoAlbumDetailViewController.swift */,
				F667FD872BAC2287005AAAB7 /* AlbumDetailCell.swift */,
			);
			path = CustomPhotoAlbumDetailView;
			sourceTree = "<group>";
		};
		F671A9BC2BA00D71002808DA /* Extension */ = {
			isa = PBXGroup;
			children = (
				F671A9BA2BA00D4A002808DA /* Bundle+.swift */,
				F674DDDE2BADB17A00536AA7 /* String+.swift */,
				F697444E2BB08AD6006683AF /* Data+.swift */,
			);
			path = Extension;
			sourceTree = "<group>";
		};
		F671A9BD2BA00D81002808DA /* Util */ = {
			isa = PBXGroup;
			children = (
				630EA2012BA0058600F04ED3 /* Error */,
				F671A9C22BA00E4B002808DA /* Model */,
				F671A9BC2BA00D71002808DA /* Extension */,
			);
			path = Util;
			sourceTree = "<group>";
		};
		F671A9BE2BA00D9F002808DA /* Manager */ = {
			isa = PBXGroup;
			children = (
				F671A9CB2BA017BA002808DA /* NetworkManager */,
				F65A3E242C0AE9FF0035314B /* OtherManager */,
				F65A3E232C0AE6C60035314B /* CheongHaAPI */,
				F671A9C12BA00E35002808DA /* API */,
				F6A35EBC2BE508A000313B7D /* StatusCode.swift */,
			);
			path = Manager;
			sourceTree = "<group>";
		};
		F671A9BF2BA00DB2002808DA /* View */ = {
			isa = PBXGroup;
			children = (
				F67A64BF2C60DC88009572CE /* ExampleViewController.swift */,
				F67A64C12C60DD12009572CE /* ExampleViewModel.swift */,
				F68C9D152BA2DBB4008CB7E4 /* Login */,
				F6394B9C2C301F9E0092FFB5 /* TermsViewController.swift */,
				F66959642C3F4E2600644DE9 /* WebViewAssistantViewController.swift */,
				F68C9D272BA2F1DC008CB7E4 /* NickNameView */,
				F68C9D162BA2DC99008CB7E4 /* MainTabBar */,
				F671A9C02BA00DF5002808DA /* ContentsView */,
				F697444B2BB07E43006683AF /* Assistant */,
			);
			path = View;
			sourceTree = "<group>";
		};
		F671A9C02BA00DF5002808DA /* ContentsView */ = {
			isa = PBXGroup;
			children = (
				F68C9D172BA2DD3D008CB7E4 /* HomeView */,
				F68C9D182BA2DD3E008CB7E4 /* ForumView */,
				635BCBAA2BA7E6FC00F0DCBC /* PostView */,
				F68C9D1A2BA2DE4C008CB7E4 /* MyPageVIew */,
				F69B800A2B996846002675CE /* ViewController.swift */,
			);
			path = ContentsView;
			sourceTree = "<group>";
		};
		F671A9C12BA00E35002808DA /* API */ = {
			isa = PBXGroup;
			children = (
				F672505C2BD9082D002C5835 /* YouthCenterRepository.swift */,
			);
			path = API;
			sourceTree = "<group>";
		};
		F671A9C22BA00E4B002808DA /* Model */ = {
			isa = PBXGroup;
			children = (
				630EA20C2BA0243800F04ED3 /* SignAuthDTO.swift */,
			);
			path = Model;
			sourceTree = "<group>";
		};
		F671A9CB2BA017BA002808DA /* NetworkManager */ = {
			isa = PBXGroup;
			children = (
				F671A9C32BA00FBA002808DA /* NetworkManager.swift */,
				F671A9C72BA0173E002808DA /* HTTPMethod.swift */,
				F671A9C52BA00FD7002808DA /* EndPoint.swift */,
				F69011E02BB6D352009A8087 /* MultipartFormData.swift */,
			);
			path = NetworkManager;
			sourceTree = "<group>";
		};
		F68719B42BA86AAF0049B182 /* CustomPhotoPicker */ = {
			isa = PBXGroup;
			children = (
				F667FD852BAC2287005AAAB7 /* CustomPhotoAlbumDetailView */,
				F68719B02BA8635C0049B182 /* CustomPhotoAlbumViewController.swift */,
				F68719B52BA8707D0049B182 /* CustomAlbumCell.swift */,
				F68719B22BA867FE0049B182 /* UICollectionViewLayout+.swift */,
			);
			path = CustomPhotoPicker;
			sourceTree = "<group>";
		};
		F68C9D152BA2DBB4008CB7E4 /* Login */ = {
			isa = PBXGroup;
			children = (
				F68C9D232BA2DEDB008CB7E4 /* SocialLoginViewController.swift */,
				635BCBA82BA3521F00F0DCBC /* SocialLoginViewModel.swift */,
			);
			path = Login;
			sourceTree = "<group>";
		};
		F68C9D162BA2DC99008CB7E4 /* MainTabBar */ = {
			isa = PBXGroup;
			children = (
				F66C98212BA1F5AD001E121C /* MainTabBarController.swift */,
			);
			path = MainTabBar;
			sourceTree = "<group>";
		};
		F68C9D172BA2DD3D008CB7E4 /* HomeView */ = {
			isa = PBXGroup;
			children = (
				F68C9D1B2BA2DE87008CB7E4 /* YouthPolicyViewController.swift */,
				F61B51612BECF5B400812C8D /* YouthPolicyViewModel.swift */,
				F6833FF82C00ACB10099F1DA /* YouthFilterData.swift */,
				F61B515F2BEB799000812C8D /* YouthListCell.swift */,
				F65A3E222C0AE64D0035314B /* YouthFilterView */,
				F65A3E212C0AE6260035314B /* YouthDetailView */,
				F65A3E202C0AE6090035314B /* YouthTableViewController(deprecated) */,
			);
			path = HomeView;
			sourceTree = "<group>";
		};
		F68C9D182BA2DD3E008CB7E4 /* ForumView */ = {
			isa = PBXGroup;
			children = (
				F68C9D1D2BA2DE93008CB7E4 /* ForumViewController.swift */,
				630323622BB5590000B16E7C /* ForumPostViewCell.swift */,
				630323662BBAD26200B16E7C /* ForumCategoryView.swift */,
				6303236E2BC7D61100B16E7C /* ForumDetailViewController.swift */,
				630323702BC7D66500B16E7C /* ForumDetailCell.swift */,
				630323722BC7D68200B16E7C /* ImageDetailCollectionViewCell.swift */,
			);
			path = ForumView;
			sourceTree = "<group>";
		};
		F68C9D1A2BA2DE4C008CB7E4 /* MyPageVIew */ = {
			isa = PBXGroup;
			children = (
				F68C9D212BA2DEAD008CB7E4 /* MyPageViewController.swift */,
				F69011E22BB6D91E009A8087 /* MyPageViewModel.swift */,
				F6B5B40B2BBBFDDA000C8494 /* ProfileView.swift */,
				F6B5B4092BBBFDC3000C8494 /* ProfileAccountView.swift */,
				F6B5B4072BBBFDA2000C8494 /* ProfileETCView.swift */,
				F65A3E252C0AEA2D0035314B /* ProfileEditView */,
			);
			path = MyPageVIew;
			sourceTree = "<group>";
		};
		F68C9D272BA2F1DC008CB7E4 /* NickNameView */ = {
			isa = PBXGroup;
			children = (
				F65E1ECE2BAC086D00326EF7 /* LoginNickNameViewController.swift */,
				F68C9D282BA2FFA0008CB7E4 /* LoginNickNameViewModel.swift */,
			);
			path = NickNameView;
			sourceTree = "<group>";
		};
		F697444B2BB07E43006683AF /* Assistant */ = {
			isa = PBXGroup;
			children = (
				F6A9660D2C2479B90079B89E /* BlankPageViewController.swift */,
				F6B5B4052BBBFD90000C8494 /* CustomSeparatorView.swift */,
				F697444D2BB07F47006683AF /* CustomActionSheet */,
				F697444C2BB07F45006683AF /* CustomAlertSheet */,
				F68C9D6D2BA5E291008CB7E4 /* ToastMessageView.swift */,
				F68719B42BA86AAF0049B182 /* CustomPhotoPicker */,
			);
			path = Assistant;
			sourceTree = "<group>";
		};
		F697444C2BB07F45006683AF /* CustomAlertSheet */ = {
			isa = PBXGroup;
			children = (
				F69011DC2BB4685C009A8087 /* CustomAlertSheetViewController.swift */,
				F69011DE2BB5A9B2009A8087 /* CustomAlertSheetView.swift */,
			);
			path = CustomAlertSheet;
			sourceTree = "<group>";
		};
		F697444D2BB07F47006683AF /* CustomActionSheet */ = {
			isa = PBXGroup;
			children = (
				F65040B22C208F1700B14D84 /* CustomActionSheetViewController.swift */,
				F68657412BB415A400821281 /* CustomActionSheetPresentationController.swift */,
				F68657432BB415DC00821281 /* CustomActionSheetTransitioningDelegate.swift */,
			);
			path = CustomActionSheet;
			sourceTree = "<group>";
		};
		F69B7FFA2B996845002675CE = {
			isa = PBXGroup;
			children = (
				00839A0E2CD7C3B10024337F /* APIKeys.swift */,
				00839A0C2CD7C3850024337F /* Secrets.plist */,
				F69B80052B996846002675CE /* CheongHa */,
				F69B80042B996846002675CE /* Products */,
			);
			sourceTree = "<group>";
		};
		F69B80042B996846002675CE /* Products */ = {
			isa = PBXGroup;
			children = (
				F69B80032B996846002675CE /* CheongHa.app */,
				F69B80192B996847002675CE /* CheongHaTests.xctest */,
				F69B80232B996847002675CE /* CheongHaUITests.xctest */,
			);
			name = Products;
			sourceTree = "<group>";
		};
		F69B80052B996846002675CE /* CheongHa */ = {
			isa = PBXGroup;
			children = (
				00839A102CD7C6220024337F /* CleanArchitecture */,
				F671A9CC2BA059DB002808DA /* Const.swift */,
				F69B80362B996972002675CE /* App */,
				F671A9BF2BA00DB2002808DA /* View */,
				F671A9BE2BA00D9F002808DA /* Manager */,
				F671A9BD2BA00D81002808DA /* Util */,
				F69B80372B996981002675CE /* Resource */,
				F69B80142B996847002675CE /* Info.plist */,
			);
			path = CheongHa;
			sourceTree = "<group>";
		};
		F69B80362B996972002675CE /* App */ = {
			isa = PBXGroup;
			children = (
				F69B80062B996846002675CE /* AppDelegate.swift */,
				F69B80082B996846002675CE /* SceneDelegate.swift */,
				00DE3F492CDCD91F00CAC3D8 /* AppViewModel.swift */,
			);
			path = App;
			sourceTree = "<group>";
		};
		F69B80372B996981002675CE /* Resource */ = {
			isa = PBXGroup;
			children = (
				F69B800F2B996847002675CE /* Assets.xcassets */,
				F69B80112B996847002675CE /* LaunchScreen.storyboard */,
			);
			path = Resource;
			sourceTree = "<group>";
		};
		F6BEDA912C1DD7D400BD770A /* ServerAPI */ = {
			isa = PBXGroup;
			children = (
				F6ACBCE42BEB47D3006386DE /* ProfileAPIRepository.swift */,
				F6BEDA8D2C1DD2BD00BD770A /* PostAPIRepository.swift */,
			);
			path = ServerAPI;
			sourceTree = "<group>";
		};
		F6BEDA922C1DD7E000BD770A /* DeprecatedAPI */ = {
			isa = PBXGroup;
			children = (
				F6B94ABE2BAEFC95005FDEE6 /* ProfileRepositoryTemp.swift */,
			);
			path = DeprecatedAPI;
			sourceTree = "<group>";
		};
/* End PBXGroup section */

/* Begin PBXNativeTarget section */
		F69B80022B996846002675CE /* CheongHa */ = {
			isa = PBXNativeTarget;
			buildConfigurationList = F69B802D2B996847002675CE /* Build configuration list for PBXNativeTarget "CheongHa" */;
			buildPhases = (
				F69B7FFF2B996846002675CE /* Sources */,
				F69B80002B996846002675CE /* Frameworks */,
				F69B80012B996846002675CE /* Resources */,
			);
			buildRules = (
			);
			dependencies = (
			);
			name = CheongHa;
			packageProductDependencies = (
				F69B80422B9A09FB002675CE /* GoogleSignIn */,
				F69B80442B9A09FB002675CE /* GoogleSignInSwift */,
				F68C9D112BA2DB39008CB7E4 /* RxCocoa */,
				F68C9D132BA2DB39008CB7E4 /* RxSwift */,
				00839A1E2CD7C82F0024337F /* RxMoya */,
				00B683952CE1F6B9005110D2 /* PinLayout */,
				00B683982CE1F6E9005110D2 /* FlexLayout */,
				00B6839B2CE1F771005110D2 /* SnapKit */,
				00C2A5132CE333E500EFF471 /* Differentiator */,
				00C2A5152CE333E500EFF471 /* RxDataSources */,
			);
			productName = WithPeace;
			productReference = F69B80032B996846002675CE /* CheongHa.app */;
			productType = "com.apple.product-type.application";
		};
		F69B80182B996847002675CE /* CheongHaTests */ = {
			isa = PBXNativeTarget;
			buildConfigurationList = F69B80302B996847002675CE /* Build configuration list for PBXNativeTarget "CheongHaTests" */;
			buildPhases = (
				F69B80152B996847002675CE /* Sources */,
				F69B80162B996847002675CE /* Frameworks */,
				F69B80172B996847002675CE /* Resources */,
			);
			buildRules = (
			);
			dependencies = (
				F69B801B2B996847002675CE /* PBXTargetDependency */,
			);
			name = CheongHaTests;
			productName = WithPeaceTests;
			productReference = F69B80192B996847002675CE /* CheongHaTests.xctest */;
			productType = "com.apple.product-type.bundle.unit-test";
		};
		F69B80222B996847002675CE /* CheongHaUITests */ = {
			isa = PBXNativeTarget;
			buildConfigurationList = F69B80332B996847002675CE /* Build configuration list for PBXNativeTarget "CheongHaUITests" */;
			buildPhases = (
				F69B801F2B996847002675CE /* Sources */,
				F69B80202B996847002675CE /* Frameworks */,
				F69B80212B996847002675CE /* Resources */,
			);
			buildRules = (
			);
			dependencies = (
				F69B80252B996847002675CE /* PBXTargetDependency */,
			);
			name = CheongHaUITests;
			productName = WithPeaceUITests;
			productReference = F69B80232B996847002675CE /* CheongHaUITests.xctest */;
			productType = "com.apple.product-type.bundle.ui-testing";
		};
/* End PBXNativeTarget section */

/* Begin PBXProject section */
		F69B7FFB2B996845002675CE /* Project object */ = {
			isa = PBXProject;
			attributes = {
				BuildIndependentTargetsInParallel = 1;
				LastSwiftUpdateCheck = 1520;
				LastUpgradeCheck = 1520;
				TargetAttributes = {
					F69B80022B996846002675CE = {
						CreatedOnToolsVersion = 15.2;
					};
					F69B80182B996847002675CE = {
						CreatedOnToolsVersion = 15.2;
						TestTargetID = F69B80022B996846002675CE;
					};
					F69B80222B996847002675CE = {
						CreatedOnToolsVersion = 15.2;
						TestTargetID = F69B80022B996846002675CE;
					};
				};
			};
			buildConfigurationList = F69B7FFE2B996845002675CE /* Build configuration list for PBXProject "CheongHa" */;
			compatibilityVersion = "Xcode 14.0";
			developmentRegion = en;
			hasScannedForEncodings = 0;
			knownRegions = (
				en,
				Base,
			);
			mainGroup = F69B7FFA2B996845002675CE;
			packageReferences = (
				F69B80412B9A09FA002675CE /* XCRemoteSwiftPackageReference "GoogleSignIn-iOS" */,
				F68C9D102BA2DB39008CB7E4 /* XCRemoteSwiftPackageReference "RxSwift" */,
				00839A1D2CD7C82F0024337F /* XCRemoteSwiftPackageReference "Moya" */,
				00B683942CE1F6B9005110D2 /* XCRemoteSwiftPackageReference "PinLayout" */,
				00B683972CE1F6D9005110D2 /* XCRemoteSwiftPackageReference "FlexLayout" */,
				00B6839A2CE1F771005110D2 /* XCRemoteSwiftPackageReference "SnapKit" */,
				00C2A5122CE333E500EFF471 /* XCRemoteSwiftPackageReference "RxDataSources" */,
			);
			productRefGroup = F69B80042B996846002675CE /* Products */;
			projectDirPath = "";
			projectRoot = "";
			targets = (
				F69B80022B996846002675CE /* CheongHa */,
				F69B80182B996847002675CE /* CheongHaTests */,
				F69B80222B996847002675CE /* CheongHaUITests */,
			);
		};
/* End PBXProject section */

/* Begin PBXResourcesBuildPhase section */
		F69B80012B996846002675CE /* Resources */ = {
			isa = PBXResourcesBuildPhase;
			buildActionMask = 2147483647;
			files = (
				F69B80132B996847002675CE /* LaunchScreen.storyboard in Resources */,
				00839A0D2CD7C3850024337F /* Secrets.plist in Resources */,
				F69B80102B996847002675CE /* Assets.xcassets in Resources */,
			);
			runOnlyForDeploymentPostprocessing = 0;
		};
		F69B80172B996847002675CE /* Resources */ = {
			isa = PBXResourcesBuildPhase;
			buildActionMask = 2147483647;
			files = (
			);
			runOnlyForDeploymentPostprocessing = 0;
		};
		F69B80212B996847002675CE /* Resources */ = {
			isa = PBXResourcesBuildPhase;
			buildActionMask = 2147483647;
			files = (
			);
			runOnlyForDeploymentPostprocessing = 0;
		};
/* End PBXResourcesBuildPhase section */

/* Begin PBXSourcesBuildPhase section */
		F69B7FFF2B996846002675CE /* Sources */ = {
			isa = PBXSourcesBuildPhase;
			buildActionMask = 2147483647;
			files = (
				630323632BB5590000B16E7C /* ForumPostViewCell.swift in Sources */,
				F66959652C3F4E2600644DE9 /* WebViewAssistantViewController.swift in Sources */,
				F61B51622BECF5B400812C8D /* YouthPolicyViewModel.swift in Sources */,
				63C52F9D2BA9B83F0072DE18 /* PostViewModel.swift in Sources */,
				F68C9D242BA2DEDB008CB7E4 /* SocialLoginViewController.swift in Sources */,
				F6394B9D2C301F9E0092FFB5 /* TermsViewController.swift in Sources */,
				F69011E32BB6D91E009A8087 /* MyPageViewModel.swift in Sources */,
				F69B80472B9A0D1B002675CE /* GoogleSignInManager.swift in Sources */,
				635BCBA92BA3521F00F0DCBC /* SocialLoginViewModel.swift in Sources */,
				F674DDDF2BADB17A00536AA7 /* String+.swift in Sources */,
				00B683A62CE1F90B005110D2 /* HomeViewModel.swift in Sources */,
				F68657442BB415DC00821281 /* CustomActionSheetTransitioningDelegate.swift in Sources */,
				F65FFA8F2C04C3D3009A6FB3 /* YouthDetailViewController.swift in Sources */,
				F6833FF92C00ACB10099F1DA /* YouthFilterData.swift in Sources */,
				F61B51602BEB799000812C8D /* YouthListCell.swift in Sources */,
				F6BEDA8E2C1DD2BD00BD770A /* PostAPIRepository.swift in Sources */,
				F671A9BB2BA00D4A002808DA /* Bundle+.swift in Sources */,
				00C2A52C2CE3974D00EFF471 /* CommunityHeader.swift in Sources */,
				630323732BC7D68200B16E7C /* ImageDetailCollectionViewCell.swift in Sources */,
				630323672BBAD26200B16E7C /* ForumCategoryView.swift in Sources */,
				F6A35EBB2BE5087300313B7D /* ServerAuthManager.swift in Sources */,
				F68C9D1E2BA2DE93008CB7E4 /* ForumViewController.swift in Sources */,
				F65E1ECF2BAC086D00326EF7 /* LoginNickNameViewController.swift in Sources */,
				F667FD892BAC2287005AAAB7 /* AlbumDetailCell.swift in Sources */,
				63C52F992BA97FB40072DE18 /* CategorySelectViewController.swift in Sources */,
				F65040A92C20816900B14D84 /* PostType.swift in Sources */,
				006E63872CE8818300CF2F45 /* HomeSection.swift in Sources */,
				F65FFA932C05CEC3009A6FB3 /* YouthDetailCell.swift in Sources */,
				F6A9660E2C2479B90079B89E /* BlankPageViewController.swift in Sources */,
				F65040AB2C20818C00B14D84 /* ReportMessage.swift in Sources */,
				F65040A72C2075E000B14D84 /* ServerAPIError.swift in Sources */,
				F6B94ABF2BAEFC95005FDEE6 /* ProfileRepositoryTemp.swift in Sources */,
				F6833FF32BFDC3B30099F1DA /* YouthFilterCustomCell.swift in Sources */,
				F69B800B2B996846002675CE /* ViewController.swift in Sources */,
				00839A242CD7C94A0024337F /* LoginRepository.swift in Sources */,
				F68C9D292BA2FFA0008CB7E4 /* LoginNickNameViewModel.swift in Sources */,
				F6B5B4062BBBFD90000C8494 /* CustomSeparatorView.swift in Sources */,
				F68C9D1C2BA2DE87008CB7E4 /* YouthPolicyViewController.swift in Sources */,
				635BCBB32BA94F6600F0DCBC /* CategoryViewCell.swift in Sources */,
				F6833FAD2BFC708D0099F1DA /* YouthFilterViewModel.swift in Sources */,
				635BCBB72BA952F000F0DCBC /* DescriptionCell.swift in Sources */,
				F68719B32BA867FE0049B182 /* UICollectionViewLayout+.swift in Sources */,
				F671A9C62BA00FD7002808DA /* EndPoint.swift in Sources */,
				F69B80072B996846002675CE /* AppDelegate.swift in Sources */,
				F671A9CD2BA059DB002808DA /* Const.swift in Sources */,
				F65040A22C20750C00B14D84 /* PostDTO.swift in Sources */,
				00C2A5282CE396B400EFF471 /* HotPolicyHeader.swift in Sources */,
				F6F0548E2C0863C000CC7FAF /* YouthDetailTopView.swift in Sources */,
				00DB008D2CDB52170012B2B1 /* ProfileRouter.swift in Sources */,
				F6833FF52BFDC4150099F1DA /* YouthFilterFooterView.swift in Sources */,
				F6BEDA902C1DD7AA00BD770A /* ServerNetworkDTO.swift in Sources */,
				00839A262CD7C95A0024337F /* LoginUsecase.swift in Sources */,
				F6A35EBD2BE508A000313B7D /* StatusCode.swift in Sources */,
				F65FFA952C074904009A6FB3 /* YouthDetailTableView.swift in Sources */,
				009D0E8C2CDBB049007D70C2 /* SocialLoginDTO.swift in Sources */,
				F65040AF2C208EAC00B14D84 /* ProfileEditViewController.swift in Sources */,
				635BCBAE2BA7E72A00F0DCBC /* PostViewController.swift in Sources */,
				F68C9D6E2BA5E291008CB7E4 /* ToastMessageView.swift in Sources */,
				F671A9C42BA00FBA002808DA /* NetworkManager.swift in Sources */,
				F68719B12BA8635C0049B182 /* CustomPhotoAlbumViewController.swift in Sources */,
				F65040B32C208F1700B14D84 /* CustomActionSheetViewController.swift in Sources */,
				00DE3F442CDCD1E000CAC3D8 /* ProfileDTO.swift in Sources */,
				F6ACBCE52BEB47D3006386DE /* ProfileAPIRepository.swift in Sources */,
				6303236F2BC7D61100B16E7C /* ForumDetailViewController.swift in Sources */,
				F6B5B40C2BBBFDDA000C8494 /* ProfileView.swift in Sources */,
				630EA20D2BA0243800F04ED3 /* SignAuthDTO.swift in Sources */,
				00C2A5252CE3610400EFF471 /* CommunityCollectionViewCell.swift in Sources */,
				F69011E12BB6D352009A8087 /* MultipartFormData.swift in Sources */,
				F69B80092B996846002675CE /* SceneDelegate.swift in Sources */,
				F68657422BB415A400821281 /* CustomActionSheetPresentationController.swift in Sources */,
				00839A1C2CD7C8050024337F /* CleanNetworkManager.swift in Sources */,
				00839A0F2CD7C3B10024337F /* APIKeys.swift in Sources */,
				00DE3F482CDCD73200CAC3D8 /* ProfileUsecase.swift in Sources */,
				00839A212CD7C8420024337F /* LoginRouter.swift in Sources */,
				633F8E222B9AC37500B92ADC /* KeychainManager.swift in Sources */,
				F67A64C22C60DD12009572CE /* ExampleViewModel.swift in Sources */,
				F68719B62BA8707D0049B182 /* CustomAlbumCell.swift in Sources */,
				63C52F9B2BA9B80D0072DE18 /* PostModel.swift in Sources */,
				009D0E8A2CDBAFAB007D70C2 /* DTOType.swift in Sources */,
				00DE3F4A2CDCD91F00CAC3D8 /* AppViewModel.swift in Sources */,
				00C2A5212CE3607300EFF471 /* UICollectionViewCell+Ext.swift in Sources */,
				F66C98222BA1F5AD001E121C /* MainTabBarController.swift in Sources */,
				00C2A52A2CE3973800EFF471 /* PolicyRecommendationHeader.swift in Sources */,
				00C2A51F2CE3601200EFF471 /* MyKeywordsCollectionViewCell.swift in Sources */,
				00DB008F2CDB5A0B0012B2B1 /* BaseTargetType.swift in Sources */,
				F671A9C82BA0173E002808DA /* HTTPMethod.swift in Sources */,
				F69011DF2BB5A9B2009A8087 /* CustomAlertSheetView.swift in Sources */,
				F667FD882BAC2287005AAAB7 /* CustomPhotoAlbumDetailViewController.swift in Sources */,
				F65040AE2C208EAC00B14D84 /* ProfileEditViewModel.swift in Sources */,
				F65FFA9B2C075FAA009A6FB3 /* YouthDetailContentView.swift in Sources */,
				00839A162CD7C6640024337F /* SocialLoginRouter.swift in Sources */,
				635BCBB02BA80C7300F0DCBC /* PostNavigationBarView.swift in Sources */,
				009D0E902CDBC2BD007D70C2 /* RefreshedTokenDTO.swift in Sources */,
				F6F0548C2C0863A800CC7FAF /* YouthDetailSubTitleView.swift in Sources */,
				635BCBB52BA952C600F0DCBC /* TitleCell.swift in Sources */,
				F68C9D222BA2DEAD008CB7E4 /* MyPageViewController.swift in Sources */,
				F6833FF72BFE24130099F1DA /* YouthFilterHeaderView.swift in Sources */,
				F6B5B4082BBBFDA2000C8494 /* ProfileETCView.swift in Sources */,
				F65FFA912C04C71C009A6FB3 /* YouthDetailHeaderView.swift in Sources */,
				F671A9CA2BA0174E002808DA /* NetworkError.swift in Sources */,
				630EA20F2BA0277800F04ED3 /* SignRepository.swift in Sources */,
				00DE3F4C2CDCDA2A00CAC3D8 /* ViewModelType.swift in Sources */,
				F65040A42C20759A00B14D84 /* SearchDataDTO.swift in Sources */,
				00C2A5232CE360EF00EFF471 /* PolicyRecommendationCollectionViewCell.swift in Sources */,
				00B683932CE1F640005110D2 /* HomeViewController.swift in Sources */,
				F69011DD2BB4685C009A8087 /* CustomAlertSheetViewController.swift in Sources */,
				F65FFA972C074914009A6FB3 /* YouthDetailTableViewController.swift in Sources */,
				F65FFA992C075F1B009A6FB3 /* YouthDetailViewControllerWithTableView.swift in Sources */,
				63C52F972BA962590072DE18 /* PostPhotoView.swift in Sources */,
				6303235D2BAC636700B16E7C /* PostManager.swift in Sources */,
				00DE3F462CDCD38100CAC3D8 /* ProfileRepository.swift in Sources */,
				630323712BC7D66500B16E7C /* ForumDetailCell.swift in Sources */,
				F67A64C02C60DC88009572CE /* ExampleViewController.swift in Sources */,
				F672505D2BD9082D002C5835 /* YouthCenterRepository.swift in Sources */,
				F6B5B40A2BBBFDC3000C8494 /* ProfileAccountView.swift in Sources */,
				F6833FAB2BFC70700099F1DA /* YouthFilterViewController.swift in Sources */,
				630EA2002BA0039300F04ED3 /* GoogleSignError.swift in Sources */,
				F697444F2BB08AD6006683AF /* Data+.swift in Sources */,
				6377F69D2BA06324006CAB26 /* SignRepositoryError.swift in Sources */,
				00C2A51A2CE3389200EFF471 /* HotPolicyCollectionViewCell.swift in Sources */,
				009E02942CEB76E30093EFBF /* MyKeywordsHeader.swift in Sources */,
			);
			runOnlyForDeploymentPostprocessing = 0;
		};
		F69B80152B996847002675CE /* Sources */ = {
			isa = PBXSourcesBuildPhase;
			buildActionMask = 2147483647;
			files = (
			);
			runOnlyForDeploymentPostprocessing = 0;
		};
		F69B801F2B996847002675CE /* Sources */ = {
			isa = PBXSourcesBuildPhase;
			buildActionMask = 2147483647;
			files = (
			);
			runOnlyForDeploymentPostprocessing = 0;
		};
/* End PBXSourcesBuildPhase section */

/* Begin PBXTargetDependency section */
		F69B801B2B996847002675CE /* PBXTargetDependency */ = {
			isa = PBXTargetDependency;
			target = F69B80022B996846002675CE /* CheongHa */;
			targetProxy = F69B801A2B996847002675CE /* PBXContainerItemProxy */;
		};
		F69B80252B996847002675CE /* PBXTargetDependency */ = {
			isa = PBXTargetDependency;
			target = F69B80022B996846002675CE /* CheongHa */;
			targetProxy = F69B80242B996847002675CE /* PBXContainerItemProxy */;
		};
/* End PBXTargetDependency section */

/* Begin PBXVariantGroup section */
		F69B80112B996847002675CE /* LaunchScreen.storyboard */ = {
			isa = PBXVariantGroup;
			children = (
				F69B80122B996847002675CE /* Base */,
			);
			name = LaunchScreen.storyboard;
			sourceTree = "<group>";
		};
/* End PBXVariantGroup section */

/* Begin XCBuildConfiguration section */
		F69B802B2B996847002675CE /* Debug */ = {
			isa = XCBuildConfiguration;
			buildSettings = {
				ALWAYS_SEARCH_USER_PATHS = NO;
				ASSETCATALOG_COMPILER_GENERATE_SWIFT_ASSET_SYMBOL_EXTENSIONS = YES;
				CLANG_ANALYZER_NONNULL = YES;
				CLANG_ANALYZER_NUMBER_OBJECT_CONVERSION = YES_AGGRESSIVE;
				CLANG_CXX_LANGUAGE_STANDARD = "gnu++20";
				CLANG_ENABLE_MODULES = YES;
				CLANG_ENABLE_OBJC_ARC = YES;
				CLANG_ENABLE_OBJC_WEAK = YES;
				CLANG_WARN_BLOCK_CAPTURE_AUTORELEASING = YES;
				CLANG_WARN_BOOL_CONVERSION = YES;
				CLANG_WARN_COMMA = YES;
				CLANG_WARN_CONSTANT_CONVERSION = YES;
				CLANG_WARN_DEPRECATED_OBJC_IMPLEMENTATIONS = YES;
				CLANG_WARN_DIRECT_OBJC_ISA_USAGE = YES_ERROR;
				CLANG_WARN_DOCUMENTATION_COMMENTS = YES;
				CLANG_WARN_EMPTY_BODY = YES;
				CLANG_WARN_ENUM_CONVERSION = YES;
				CLANG_WARN_INFINITE_RECURSION = YES;
				CLANG_WARN_INT_CONVERSION = YES;
				CLANG_WARN_NON_LITERAL_NULL_CONVERSION = YES;
				CLANG_WARN_OBJC_IMPLICIT_RETAIN_SELF = YES;
				CLANG_WARN_OBJC_LITERAL_CONVERSION = YES;
				CLANG_WARN_OBJC_ROOT_CLASS = YES_ERROR;
				CLANG_WARN_QUOTED_INCLUDE_IN_FRAMEWORK_HEADER = YES;
				CLANG_WARN_RANGE_LOOP_ANALYSIS = YES;
				CLANG_WARN_STRICT_PROTOTYPES = YES;
				CLANG_WARN_SUSPICIOUS_MOVE = YES;
				CLANG_WARN_UNGUARDED_AVAILABILITY = YES_AGGRESSIVE;
				CLANG_WARN_UNREACHABLE_CODE = YES;
				CLANG_WARN__DUPLICATE_METHOD_MATCH = YES;
				COPY_PHASE_STRIP = NO;
				DEBUG_INFORMATION_FORMAT = dwarf;
				ENABLE_STRICT_OBJC_MSGSEND = YES;
				ENABLE_TESTABILITY = YES;
				ENABLE_USER_SCRIPT_SANDBOXING = YES;
				GCC_C_LANGUAGE_STANDARD = gnu17;
				GCC_DYNAMIC_NO_PIC = NO;
				GCC_NO_COMMON_BLOCKS = YES;
				GCC_OPTIMIZATION_LEVEL = 0;
				GCC_PREPROCESSOR_DEFINITIONS = (
					"DEBUG=1",
					"$(inherited)",
				);
				GCC_WARN_64_TO_32_BIT_CONVERSION = YES;
				GCC_WARN_ABOUT_RETURN_TYPE = YES_ERROR;
				GCC_WARN_UNDECLARED_SELECTOR = YES;
				GCC_WARN_UNINITIALIZED_AUTOS = YES_AGGRESSIVE;
				GCC_WARN_UNUSED_FUNCTION = YES;
				GCC_WARN_UNUSED_VARIABLE = YES;
				IPHONEOS_DEPLOYMENT_TARGET = 15.2;
				LOCALIZATION_PREFERS_STRING_CATALOGS = YES;
				MTL_ENABLE_DEBUG_INFO = INCLUDE_SOURCE;
				MTL_FAST_MATH = YES;
				ONLY_ACTIVE_ARCH = YES;
				SDKROOT = iphoneos;
				SWIFT_ACTIVE_COMPILATION_CONDITIONS = "DEBUG $(inherited)";
				SWIFT_OPTIMIZATION_LEVEL = "-Onone";
			};
			name = Debug;
		};
		F69B802C2B996847002675CE /* Release */ = {
			isa = XCBuildConfiguration;
			buildSettings = {
				ALWAYS_SEARCH_USER_PATHS = NO;
				ASSETCATALOG_COMPILER_GENERATE_SWIFT_ASSET_SYMBOL_EXTENSIONS = YES;
				CLANG_ANALYZER_NONNULL = YES;
				CLANG_ANALYZER_NUMBER_OBJECT_CONVERSION = YES_AGGRESSIVE;
				CLANG_CXX_LANGUAGE_STANDARD = "gnu++20";
				CLANG_ENABLE_MODULES = YES;
				CLANG_ENABLE_OBJC_ARC = YES;
				CLANG_ENABLE_OBJC_WEAK = YES;
				CLANG_WARN_BLOCK_CAPTURE_AUTORELEASING = YES;
				CLANG_WARN_BOOL_CONVERSION = YES;
				CLANG_WARN_COMMA = YES;
				CLANG_WARN_CONSTANT_CONVERSION = YES;
				CLANG_WARN_DEPRECATED_OBJC_IMPLEMENTATIONS = YES;
				CLANG_WARN_DIRECT_OBJC_ISA_USAGE = YES_ERROR;
				CLANG_WARN_DOCUMENTATION_COMMENTS = YES;
				CLANG_WARN_EMPTY_BODY = YES;
				CLANG_WARN_ENUM_CONVERSION = YES;
				CLANG_WARN_INFINITE_RECURSION = YES;
				CLANG_WARN_INT_CONVERSION = YES;
				CLANG_WARN_NON_LITERAL_NULL_CONVERSION = YES;
				CLANG_WARN_OBJC_IMPLICIT_RETAIN_SELF = YES;
				CLANG_WARN_OBJC_LITERAL_CONVERSION = YES;
				CLANG_WARN_OBJC_ROOT_CLASS = YES_ERROR;
				CLANG_WARN_QUOTED_INCLUDE_IN_FRAMEWORK_HEADER = YES;
				CLANG_WARN_RANGE_LOOP_ANALYSIS = YES;
				CLANG_WARN_STRICT_PROTOTYPES = YES;
				CLANG_WARN_SUSPICIOUS_MOVE = YES;
				CLANG_WARN_UNGUARDED_AVAILABILITY = YES_AGGRESSIVE;
				CLANG_WARN_UNREACHABLE_CODE = YES;
				CLANG_WARN__DUPLICATE_METHOD_MATCH = YES;
				COPY_PHASE_STRIP = NO;
				DEBUG_INFORMATION_FORMAT = "dwarf-with-dsym";
				ENABLE_NS_ASSERTIONS = NO;
				ENABLE_STRICT_OBJC_MSGSEND = YES;
				ENABLE_USER_SCRIPT_SANDBOXING = YES;
				GCC_C_LANGUAGE_STANDARD = gnu17;
				GCC_NO_COMMON_BLOCKS = YES;
				GCC_WARN_64_TO_32_BIT_CONVERSION = YES;
				GCC_WARN_ABOUT_RETURN_TYPE = YES_ERROR;
				GCC_WARN_UNDECLARED_SELECTOR = YES;
				GCC_WARN_UNINITIALIZED_AUTOS = YES_AGGRESSIVE;
				GCC_WARN_UNUSED_FUNCTION = YES;
				GCC_WARN_UNUSED_VARIABLE = YES;
				IPHONEOS_DEPLOYMENT_TARGET = 15.2;
				LOCALIZATION_PREFERS_STRING_CATALOGS = YES;
				MTL_ENABLE_DEBUG_INFO = NO;
				MTL_FAST_MATH = YES;
				SDKROOT = iphoneos;
				SWIFT_COMPILATION_MODE = wholemodule;
				VALIDATE_PRODUCT = YES;
			};
			name = Release;
		};
		F69B802E2B996847002675CE /* Debug */ = {
			isa = XCBuildConfiguration;
			buildSettings = {
				ASSETCATALOG_COMPILER_APPICON_NAME = AppIcon;
				ASSETCATALOG_COMPILER_GLOBAL_ACCENT_COLOR_NAME = AccentColor;
				CODE_SIGN_ENTITLEMENTS = CheongHa/WithPeace.entitlements;
				CODE_SIGN_IDENTITY = "Apple Development";
				CODE_SIGN_STYLE = Automatic;
				CURRENT_PROJECT_VERSION = 1;
				DEVELOPMENT_TEAM = 59V6NJY3X6;
				GENERATE_INFOPLIST_FILE = YES;
				INFOPLIST_FILE = CheongHa/Info.plist;
				INFOPLIST_KEY_CFBundleDisplayName = "청하";
				INFOPLIST_KEY_NSPhotoLibraryUsageDescription = "사진에 접근할 수 있도록 허용함으로써, 당신은 이미지를 프로필, 게시물 사진 등록 등으로 업로드할 수 있습니다.";
				INFOPLIST_KEY_UIApplicationSupportsIndirectInputEvents = YES;
				INFOPLIST_KEY_UILaunchStoryboardName = LaunchScreen.storyboard;
				INFOPLIST_KEY_UIRequiresFullScreen = YES;
				INFOPLIST_KEY_UIStatusBarStyle = "";
				INFOPLIST_KEY_UISupportedInterfaceOrientations = UIInterfaceOrientationPortrait;
				INFOPLIST_KEY_UIUserInterfaceStyle = Light;
				IPHONEOS_DEPLOYMENT_TARGET = 15.2;
				LD_RUNPATH_SEARCH_PATHS = (
					"$(inherited)",
					"@executable_path/Frameworks",
				);
				MARKETING_VERSION = 1.0;
				PRODUCT_BUNDLE_IDENTIFIER = com.cheongha.cheonghaTest;
				PRODUCT_NAME = "$(TARGET_NAME)";
				PROVISIONING_PROFILE_SPECIFIER = "";
				SWIFT_EMIT_LOC_STRINGS = YES;
				SWIFT_VERSION = 5.0;
				TARGETED_DEVICE_FAMILY = "1,2";
			};
			name = Debug;
		};
		F69B802F2B996847002675CE /* Release */ = {
			isa = XCBuildConfiguration;
			buildSettings = {
				ASSETCATALOG_COMPILER_APPICON_NAME = AppIcon;
				ASSETCATALOG_COMPILER_GLOBAL_ACCENT_COLOR_NAME = AccentColor;
				CODE_SIGN_ENTITLEMENTS = CheongHa/WithPeace.entitlements;
				CODE_SIGN_IDENTITY = "Apple Development";
				CODE_SIGN_STYLE = Automatic;
				CURRENT_PROJECT_VERSION = 1;
				DEVELOPMENT_TEAM = 59V6NJY3X6;
				GENERATE_INFOPLIST_FILE = YES;
				INFOPLIST_FILE = CheongHa/Info.plist;
				INFOPLIST_KEY_CFBundleDisplayName = "청하";
				INFOPLIST_KEY_NSPhotoLibraryUsageDescription = "사진에 접근할 수 있도록 허용함으로써, 당신은 이미지를 프로필, 게시물 사진 등록 등으로 업로드할 수 있습니다.";
				INFOPLIST_KEY_UIApplicationSupportsIndirectInputEvents = YES;
				INFOPLIST_KEY_UILaunchStoryboardName = LaunchScreen.storyboard;
				INFOPLIST_KEY_UIRequiresFullScreen = YES;
				INFOPLIST_KEY_UIStatusBarStyle = "";
				INFOPLIST_KEY_UISupportedInterfaceOrientations = UIInterfaceOrientationPortrait;
				INFOPLIST_KEY_UIUserInterfaceStyle = Light;
				IPHONEOS_DEPLOYMENT_TARGET = 15.2;
				LD_RUNPATH_SEARCH_PATHS = (
					"$(inherited)",
					"@executable_path/Frameworks",
				);
				MARKETING_VERSION = 1.0;
				PRODUCT_BUNDLE_IDENTIFIER = com.cheongha.cheonghaTest;
				PRODUCT_NAME = "$(TARGET_NAME)";
				PROVISIONING_PROFILE_SPECIFIER = "";
				SWIFT_EMIT_LOC_STRINGS = YES;
				SWIFT_VERSION = 5.0;
				TARGETED_DEVICE_FAMILY = "1,2";
			};
			name = Release;
		};
		F69B80312B996847002675CE /* Debug */ = {
			isa = XCBuildConfiguration;
			buildSettings = {
				ALWAYS_EMBED_SWIFT_STANDARD_LIBRARIES = YES;
				BUNDLE_LOADER = "$(TEST_HOST)";
				CODE_SIGN_STYLE = Automatic;
				CURRENT_PROJECT_VERSION = 1;
				DEVELOPMENT_TEAM = S9SM8UDTPN;
				GENERATE_INFOPLIST_FILE = YES;
				IPHONEOS_DEPLOYMENT_TARGET = 17.2;
				MARKETING_VERSION = 1.0;
				PRODUCT_BUNDLE_IDENTIFIER = com.cheongha.cheongha;
				PRODUCT_NAME = "$(TARGET_NAME)";
				SWIFT_EMIT_LOC_STRINGS = NO;
				SWIFT_VERSION = 5.0;
				TARGETED_DEVICE_FAMILY = "1,2";
				TEST_HOST = "$(BUILT_PRODUCTS_DIR)/CheongHa.app/$(BUNDLE_EXECUTABLE_FOLDER_PATH)/CheongHa";
			};
			name = Debug;
		};
		F69B80322B996847002675CE /* Release */ = {
			isa = XCBuildConfiguration;
			buildSettings = {
				ALWAYS_EMBED_SWIFT_STANDARD_LIBRARIES = YES;
				BUNDLE_LOADER = "$(TEST_HOST)";
				CODE_SIGN_STYLE = Automatic;
				CURRENT_PROJECT_VERSION = 1;
				DEVELOPMENT_TEAM = S9SM8UDTPN;
				GENERATE_INFOPLIST_FILE = YES;
				IPHONEOS_DEPLOYMENT_TARGET = 17.2;
				MARKETING_VERSION = 1.0;
				PRODUCT_BUNDLE_IDENTIFIER = com.cheongha.cheongha;
				PRODUCT_NAME = "$(TARGET_NAME)";
				SWIFT_EMIT_LOC_STRINGS = NO;
				SWIFT_VERSION = 5.0;
				TARGETED_DEVICE_FAMILY = "1,2";
				TEST_HOST = "$(BUILT_PRODUCTS_DIR)/CheongHa.app/$(BUNDLE_EXECUTABLE_FOLDER_PATH)/CheongHa";
			};
			name = Release;
		};
		F69B80342B996847002675CE /* Debug */ = {
			isa = XCBuildConfiguration;
			buildSettings = {
				ALWAYS_EMBED_SWIFT_STANDARD_LIBRARIES = YES;
				CODE_SIGN_STYLE = Automatic;
				CURRENT_PROJECT_VERSION = 1;
				DEVELOPMENT_TEAM = S9SM8UDTPN;
				GENERATE_INFOPLIST_FILE = YES;
				MARKETING_VERSION = 1.0;
				PRODUCT_BUNDLE_IDENTIFIER = com.cheongha.cheongha;
				PRODUCT_NAME = "$(TARGET_NAME)";
				SWIFT_EMIT_LOC_STRINGS = NO;
				SWIFT_VERSION = 5.0;
				TARGETED_DEVICE_FAMILY = "1,2";
				TEST_TARGET_NAME = CheongHa;
			};
			name = Debug;
		};
		F69B80352B996847002675CE /* Release */ = {
			isa = XCBuildConfiguration;
			buildSettings = {
				ALWAYS_EMBED_SWIFT_STANDARD_LIBRARIES = YES;
				CODE_SIGN_STYLE = Automatic;
				CURRENT_PROJECT_VERSION = 1;
				DEVELOPMENT_TEAM = S9SM8UDTPN;
				GENERATE_INFOPLIST_FILE = YES;
				MARKETING_VERSION = 1.0;
				PRODUCT_BUNDLE_IDENTIFIER = com.cheongha.cheongha;
				PRODUCT_NAME = "$(TARGET_NAME)";
				SWIFT_EMIT_LOC_STRINGS = NO;
				SWIFT_VERSION = 5.0;
				TARGETED_DEVICE_FAMILY = "1,2";
				TEST_TARGET_NAME = CheongHa;
			};
			name = Release;
		};
/* End XCBuildConfiguration section */

/* Begin XCConfigurationList section */
		F69B7FFE2B996845002675CE /* Build configuration list for PBXProject "CheongHa" */ = {
			isa = XCConfigurationList;
			buildConfigurations = (
				F69B802B2B996847002675CE /* Debug */,
				F69B802C2B996847002675CE /* Release */,
			);
			defaultConfigurationIsVisible = 0;
			defaultConfigurationName = Release;
		};
		F69B802D2B996847002675CE /* Build configuration list for PBXNativeTarget "CheongHa" */ = {
			isa = XCConfigurationList;
			buildConfigurations = (
				F69B802E2B996847002675CE /* Debug */,
				F69B802F2B996847002675CE /* Release */,
			);
			defaultConfigurationIsVisible = 0;
			defaultConfigurationName = Release;
		};
		F69B80302B996847002675CE /* Build configuration list for PBXNativeTarget "CheongHaTests" */ = {
			isa = XCConfigurationList;
			buildConfigurations = (
				F69B80312B996847002675CE /* Debug */,
				F69B80322B996847002675CE /* Release */,
			);
			defaultConfigurationIsVisible = 0;
			defaultConfigurationName = Release;
		};
		F69B80332B996847002675CE /* Build configuration list for PBXNativeTarget "CheongHaUITests" */ = {
			isa = XCConfigurationList;
			buildConfigurations = (
				F69B80342B996847002675CE /* Debug */,
				F69B80352B996847002675CE /* Release */,
			);
			defaultConfigurationIsVisible = 0;
			defaultConfigurationName = Release;
		};
/* End XCConfigurationList section */

/* Begin XCRemoteSwiftPackageReference section */
		00839A1D2CD7C82F0024337F /* XCRemoteSwiftPackageReference "Moya" */ = {
			isa = XCRemoteSwiftPackageReference;
			repositoryURL = "https://github.com/Moya/Moya.git";
			requirement = {
				kind = upToNextMajorVersion;
				minimumVersion = 15.0.3;
			};
		};
		00B683942CE1F6B9005110D2 /* XCRemoteSwiftPackageReference "PinLayout" */ = {
			isa = XCRemoteSwiftPackageReference;
			repositoryURL = "https://github.com/layoutBox/PinLayout.git";
			requirement = {
				kind = upToNextMajorVersion;
				minimumVersion = 1.10.5;
			};
		};
		00B683972CE1F6D9005110D2 /* XCRemoteSwiftPackageReference "FlexLayout" */ = {
			isa = XCRemoteSwiftPackageReference;
			repositoryURL = "https://github.com/layoutBox/FlexLayout";
			requirement = {
				kind = upToNextMajorVersion;
				minimumVersion = 2.0.10;
			};
		};
		00B6839A2CE1F771005110D2 /* XCRemoteSwiftPackageReference "SnapKit" */ = {
			isa = XCRemoteSwiftPackageReference;
			repositoryURL = "https://github.com/SnapKit/SnapKit.git";
			requirement = {
				kind = upToNextMajorVersion;
				minimumVersion = 5.7.1;
			};
		};
		00C2A5122CE333E500EFF471 /* XCRemoteSwiftPackageReference "RxDataSources" */ = {
			isa = XCRemoteSwiftPackageReference;
			repositoryURL = "https://github.com/RxSwiftCommunity/RxDataSources.git";
			requirement = {
				kind = upToNextMajorVersion;
				minimumVersion = 5.0.2;
			};
		};
		F68C9D102BA2DB39008CB7E4 /* XCRemoteSwiftPackageReference "RxSwift" */ = {
			isa = XCRemoteSwiftPackageReference;
			repositoryURL = "https://github.com/ReactiveX/RxSwift";
			requirement = {
				kind = upToNextMajorVersion;
				minimumVersion = 6.6.0;
			};
		};
		F69B80412B9A09FA002675CE /* XCRemoteSwiftPackageReference "GoogleSignIn-iOS" */ = {
			isa = XCRemoteSwiftPackageReference;
			repositoryURL = "https://github.com/google/GoogleSignIn-iOS";
			requirement = {
				kind = upToNextMajorVersion;
				minimumVersion = 7.0.0;
			};
		};
/* End XCRemoteSwiftPackageReference section */

/* Begin XCSwiftPackageProductDependency section */
		00839A1E2CD7C82F0024337F /* RxMoya */ = {
			isa = XCSwiftPackageProductDependency;
			package = 00839A1D2CD7C82F0024337F /* XCRemoteSwiftPackageReference "Moya" */;
			productName = RxMoya;
		};
		00B683952CE1F6B9005110D2 /* PinLayout */ = {
			isa = XCSwiftPackageProductDependency;
			package = 00B683942CE1F6B9005110D2 /* XCRemoteSwiftPackageReference "PinLayout" */;
			productName = PinLayout;
		};
		00B683982CE1F6E9005110D2 /* FlexLayout */ = {
			isa = XCSwiftPackageProductDependency;
			package = 00B683972CE1F6D9005110D2 /* XCRemoteSwiftPackageReference "FlexLayout" */;
			productName = FlexLayout;
		};
		00B6839B2CE1F771005110D2 /* SnapKit */ = {
			isa = XCSwiftPackageProductDependency;
			package = 00B6839A2CE1F771005110D2 /* XCRemoteSwiftPackageReference "SnapKit" */;
			productName = SnapKit;
		};
		00C2A5132CE333E500EFF471 /* Differentiator */ = {
			isa = XCSwiftPackageProductDependency;
			package = 00C2A5122CE333E500EFF471 /* XCRemoteSwiftPackageReference "RxDataSources" */;
			productName = Differentiator;
		};
		00C2A5152CE333E500EFF471 /* RxDataSources */ = {
			isa = XCSwiftPackageProductDependency;
			package = 00C2A5122CE333E500EFF471 /* XCRemoteSwiftPackageReference "RxDataSources" */;
			productName = RxDataSources;
		};
		F68C9D112BA2DB39008CB7E4 /* RxCocoa */ = {
			isa = XCSwiftPackageProductDependency;
			package = F68C9D102BA2DB39008CB7E4 /* XCRemoteSwiftPackageReference "RxSwift" */;
			productName = RxCocoa;
		};
		F68C9D132BA2DB39008CB7E4 /* RxSwift */ = {
			isa = XCSwiftPackageProductDependency;
			package = F68C9D102BA2DB39008CB7E4 /* XCRemoteSwiftPackageReference "RxSwift" */;
			productName = RxSwift;
		};
		F69B80422B9A09FB002675CE /* GoogleSignIn */ = {
			isa = XCSwiftPackageProductDependency;
			package = F69B80412B9A09FA002675CE /* XCRemoteSwiftPackageReference "GoogleSignIn-iOS" */;
			productName = GoogleSignIn;
		};
		F69B80442B9A09FB002675CE /* GoogleSignInSwift */ = {
			isa = XCSwiftPackageProductDependency;
			package = F69B80412B9A09FA002675CE /* XCRemoteSwiftPackageReference "GoogleSignIn-iOS" */;
			productName = GoogleSignInSwift;
		};
/* End XCSwiftPackageProductDependency section */
	};
	rootObject = F69B7FFB2B996845002675CE /* Project object */;
}
