{
  "originHash" : "ad8a2eb6642fd476a6570d8c25b6fb2e9d8f4eb079bfbe54cb984002c18277bf",
  "pins" : [
    {
      "identity" : "alamofire",
      "kind" : "remoteSourceControl",
      "location" : "https://github.com/Alamofire/Alamofire.git",
      "state" : {
        "revision" : "e16d3481f5ed35f0472cb93350085853d754913f",
        "version" : "5.10.1"
      }
    },
    {
      "identity" : "appauth-ios",
      "kind" : "remoteSourceControl",
      "location" : "https://github.com/openid/AppAuth-iOS.git",
      "state" : {
        "revision" : "71cde449f13d453227e687458144bde372d30fc7",
        "version" : "1.6.2"
      }
    },
    {
      "identity" : "flexlayout",
      "kind" : "remoteSourceControl",
      "location" : "https://github.com/layoutBox/FlexLayout",
      "state" : {
        "revision" : "9b46c098c0471b847e6feee49692ae239633bae3",
        "version" : "2.0.10"
      }
    },
    {
      "identity" : "googlesignin-ios",
      "kind" : "remoteSourceControl",
      "location" : "https://github.com/google/GoogleSignIn-iOS",
      "state" : {
        "revision" : "7932d33686c1dc4d7df7a919aae47361d1cdfda4",
        "version" : "7.0.0"
      }
    },
    {
      "identity" : "gtm-session-fetcher",
      "kind" : "remoteSourceControl",
      "location" : "https://github.com/google/gtm-session-fetcher.git",
      "state" : {
        "revision" : "76135c9f4e1ac85459d5fec61b6f76ac47ab3a4c",
        "version" : "3.3.1"
      }
    },
    {
      "identity" : "gtmappauth",
      "kind" : "remoteSourceControl",
      "location" : "https://github.com/google/GTMAppAuth.git",
      "state" : {
        "revision" : "cee3c709307912d040bd1e06ca919875a92339c6",
        "version" : "2.0.0"
      }
    },
    {
      "identity" : "moya",
      "kind" : "remoteSourceControl",
      "location" : "https://github.com/Moya/Moya.git",
      "state" : {
        "revision" : "c263811c1f3dbf002be9bd83107f7cdc38992b26",
        "version" : "15.0.3"
      }
    },
    {
      "identity" : "pinlayout",
      "kind" : "remoteSourceControl",
      "location" : "https://github.com/layoutBox/PinLayout.git",
      "state" : {
        "revision" : "8eaa3a15e4dcabaca4c95aea4c0ff0c9b4a67213",
        "version" : "1.10.5"
      }
    },
    {
      "identity" : "reactiveswift",
      "kind" : "remoteSourceControl",
      "location" : "https://github.com/ReactiveCocoa/ReactiveSwift.git",
      "state" : {
        "revision" : "c43bae3dac73fdd3cb906bd5a1914686ca71ed3c",
        "version" : "6.7.0"
      }
    },
    {
      "identity" : "rxappstate",
      "kind" : "remoteSourceControl",
      "location" : "https://github.com/pixeldock/RxAppState.git",
      "state" : {
        "revision" : "1c3f32433b4ffa431671b21e46b98af0d875081e",
        "version" : "1.8.1"
      }
    },
    {
      "identity" : "rxdatasources",
      "kind" : "remoteSourceControl",
      "location" : "https://github.com/RxSwiftCommunity/RxDataSources.git",
      "state" : {
        "revision" : "90c29b48b628479097fe775ed1966d75ac374518",
        "version" : "5.0.2"
      }
    },
    {
      "identity" : "rxswift",
      "kind" : "remoteSourceControl",
      "location" : "https://github.com/ReactiveX/RxSwift",
      "state" : {
        "revision" : "9dcaa4b333db437b0fbfaf453fad29069044a8b4",
        "version" : "6.6.0"
      }
    },
    {
      "identity" : "snapkit",
      "kind" : "remoteSourceControl",
      "location" : "https://github.com/SnapKit/SnapKit.git",
      "state" : {
        "revision" : "2842e6e84e82eb9a8dac0100ca90d9444b0307f4",
        "version" : "5.7.1"
      }
    }
  ],
  "version" : 3
}
